PODS:
  - Alamofire (4.7.3)
  - Bolts (1.9.0):
    - Bolts/AppLinks (= 1.9.0)
    - Bolts/Tasks (= 1.9.0)
  - Bolts/AppLinks (1.9.0):
    - Bolts/Tasks
  - Bolts/Tasks (1.9.0)
  - ESTabBarController-swift (2.6.2)
  - Eureka (4.2.0)
  - FacebookCore (0.3.1):
    - Bolts (~> 1.8)
    - FBSDKCoreKit (~> 4.33)
  - FacebookLogin (0.3.1):
    - Bolts (~> 1.8)
    - FacebookCore (~> 0.3.1)
    - FBSDKCoreKit (~> 4.33)
    - FBSDKLoginKit (~> 4.33)
  - FacebookShare (0.3.1):
    - Bolts (~> 1.8)
    - FacebookCore (~> 0.3.1)
    - FBSDKCoreKit (~> 4.33)
    - FBSDKShareKit (~> 4.33)
  - FBSDKCoreKit (4.34.0):
    - Bolts (~> 1.7)
  - FBSDKLoginKit (4.34.0):
    - FBSDKCoreKit
  - FBSDKShareKit (4.34.0):
    - FBSDKCoreKit (~> 4.34.0)
  - GRDB.swift (3.2.0)
  - ImageRow (3.1.0):
    - Eureka (~> 4.0)
  - ImageSlideshow (1.6.1):
    - ImageSlideshow/Core (= 1.6.1)
  - ImageSlideshow/Core (1.6.1)
  - ImageSlideshow/Kingfisher (1.6.1):
    - ImageSlideshow/Core
    - Kingfisher (> 3.0)
  - Kingfisher (4.8.0)
  - Moya (11.0.2):
    - Moya/Core (= 11.0.2)
  - Moya/Core (11.0.2):
    - Alamofire (~> 4.1)
    - Result (~> 3.0)
  - Realm (3.7.4):
    - Realm/Headers (= 3.7.4)
  - Realm/Headers (3.7.4)
  - RealmSwift (3.7.4):
    - Realm (= 3.7.4)
  - Result (3.2.4)
  - SKPhotoBrowser (5.1.0)
  - SwiftyJSON (4.1.0)

DEPENDENCIES:
  - Alamofire
  - ESTabBarController-swift
  - Eureka
  - FacebookCore
  - FacebookLogin
  - FacebookShare
  - GRDB.swift
  - ImageRow
  - ImageSlideshow
  - ImageSlideshow/Kingfisher
  - Kingfisher
  - Moya
  - RealmSwift
  - SKPhotoBrowser
  - SwiftyJSON

SPEC CHECKSUMS:
  Alamofire: c7287b6e5d7da964a70935e5db17046b7fde6568
  Bolts: ac6567323eac61e203f6a9763667d0f711be34c8
  ESTabBarController-swift: f0a8679e43df1e60b7b36bbcaf1dc98ba6273c7d
  Eureka: 0748c7bbb2560130e43c7bfa83e99c98854a1f42
  FacebookCore: 33078ef1d7d76b73f7e8c990dca7d3ea6db8d22f
  FacebookLogin: 6f15bf4fefd7a8865abbfa8fcd7f3dfd87aa275f
  FacebookShare: c9ee8e5399d961fda00ded9befccacfe04fccf93
  FBSDKCoreKit: 0ff57f093b85c8c9d5aba697d3edf68a8960ce78
  FBSDKLoginKit: 8c78f57a145afb756e4755e69195ebe08a42466e
  FBSDKShareKit: 511d1dfc71204c0a8d69e6c5e3c964dcf0d4f3d9
  GRDB.swift: c5bb04b25a9931fec937920e913787e45f96124f
  ImageRow: 1ea483078bfa3d880a7fc76fdfcddfd5f29a9e6b
  ImageSlideshow: f0f33e1a20668e83d77f5fb7729e4ae4437c0759
  Kingfisher: 976d828df2b24834c6a3f2fc4d82cdbd26552be1
  Moya: a725035953bc1c0eb1be505ab903984501d82440
  Realm: a469bb59e33f9926102ccaea4349822c53b9117e
  RealmSwift: a45861b21c180f5cf0f122144b9759fa8dde3e9e
  Result: d2d07204ce72856f1fd9130bbe42c35a7b0fea10
  SKPhotoBrowser: c20c1da34d737b4e3e101feead6c8dd92ebf860a
  SwiftyJSON: c29297daf073d2aa016295d5809cdd68045c39b3

PODFILE CHECKSUM: d94e931995b5bee2a6d84ebf8288e8feb29e1756

COCOAPODS: 1.3.1
