// !$*UTF8*$!
{
	archiveVersion = 1;
	classes = {
	};
	objectVersion = 46;
	objects = {

/* Begin PBXBuildFile section */
		123FB4D8BE93C6BC8D0443ED /* Pods_PlantTree.framework in Frameworks */ = {isa = PBXBuildFile; fileRef = F8F4F29879DA40C265550933 /* Pods_PlantTree.framework */; };
		5860310FAC58B23CBBD0FC0A /* ApiTargets.swift in Sources */ = {isa = PBXBuildFile; fileRef = 586034B4A177670AB7265F88 /* ApiTargets.swift */; };
		586031A91434045C034ABABC /* NewsBandSeparatorCell.swift in Sources */ = {isa = PBXBuildFile; fileRef = 586037F2B77AD544086BC345 /* NewsBandSeparatorCell.swift */; };
		5860321E46D4171318DC8DED /* ErrorType.swift in Sources */ = {isa = PBXBuildFile; fileRef = 58603135716173F73461979F /* ErrorType.swift */; };
		58603238B5DCC31835F33686 /* LoadingIndicatorView.swift in Sources */ = {isa = PBXBuildFile; fileRef = 586034FC67D299DB4F3E17F9 /* LoadingIndicatorView.swift */; };
		586032471BB1A211330BC18E /* ProjectDetailsCell.swift in Sources */ = {isa = PBXBuildFile; fileRef = 5860323304F9254D47903FBC /* ProjectDetailsCell.swift */; };
		586032733EB1FDEFA0082231 /* ProjectStatus.swift in Sources */ = {isa = PBXBuildFile; fileRef = 586032694D2F3E51B731467D /* ProjectStatus.swift */; };
		5860346D34210FA8A50E5A66 /* ProjectNewsCell.swift in Sources */ = {isa = PBXBuildFile; fileRef = 586032494AAFE2087C386379 /* ProjectNewsCell.swift */; };
		5860349D01AD0F7E81AF1019 /* ProjectNewsCell.xib in Resources */ = {isa = PBXBuildFile; fileRef = 58603ECF8D9AA3F60A2C8BFD /* ProjectNewsCell.xib */; };
		586034FF9C7B39092FE27636 /* NewsBandSeparatorCell.xib in Resources */ = {isa = PBXBuildFile; fileRef = 586030B5BC7B4AC84089F629 /* NewsBandSeparatorCell.xib */; };
		5860351528CE5E42FF05A832 /* Gender.swift in Sources */ = {isa = PBXBuildFile; fileRef = 5860375EB16C4E315B72FDF4 /* Gender.swift */; };
		5860362AF819362FBB73FB2C /* ProjectListType.swift in Sources */ = {isa = PBXBuildFile; fileRef = 58603409395A75D84F2DE371 /* ProjectListType.swift */; };
		58603675DB7B89C392D9F207 /* Credentials.swift in Sources */ = {isa = PBXBuildFile; fileRef = 58603BE30150ED19634B35F9 /* Credentials.swift */; };
		586038664639E0FC529136A4 /* Date.swift in Sources */ = {isa = PBXBuildFile; fileRef = 586032E557DCBB5F1A09BFBF /* Date.swift */; };
		58603920EC618B4660EAD957 /* PaymentHistoryCell.swift in Sources */ = {isa = PBXBuildFile; fileRef = 58603A0FE91E8E4A9FDAEE5E /* PaymentHistoryCell.swift */; };
		5860394204723E6F4A511EEB /* PaymentHistoryCell.xib in Resources */ = {isa = PBXBuildFile; fileRef = 586037E2E6AFD4692E8BDD0C /* PaymentHistoryCell.xib */; };
		586039F1DD6547E792258A96 /* ProjectDetailsCell.xib in Resources */ = {isa = PBXBuildFile; fileRef = 58603A02B331A0721F88C2AC /* ProjectDetailsCell.xib */; };
		58603A987F70AD3CB3D08BF7 /* Int.swift in Sources */ = {isa = PBXBuildFile; fileRef = 58603D7525C0023FD803DF7F /* Int.swift */; };
		58603AC6856FF5A342469512 /* ProjectCell.swift in Sources */ = {isa = PBXBuildFile; fileRef = 58603448D119E425497068A2 /* ProjectCell.swift */; };
		58603BAC16FB696E0F8962B4 /* ProjectInfo.swift in Sources */ = {isa = PBXBuildFile; fileRef = 586036CA3D3F69AC7DC0D73C /* ProjectInfo.swift */; };
		58603FA78CD5B5C0AA91BDC4 /* ProjectCell.xib in Resources */ = {isa = PBXBuildFile; fileRef = 586030E9CCA4506F4312C81D /* ProjectCell.xib */; };
		58603FB0E67EDEC6EF6CB540 /* PersonalData.swift in Sources */ = {isa = PBXBuildFile; fileRef = 586030BA04E460DBB4F34CBC /* PersonalData.swift */; };
		847FCAE21E977D3500BF6698 /* Project_ext.swift in Sources */ = {isa = PBXBuildFile; fileRef = 847FCAE11E977D3500BF6698 /* Project_ext.swift */; };
		848F96E61E59C75300CC07CC /* UserInfoCell.swift in Sources */ = {isa = PBXBuildFile; fileRef = 848F96E41E59C75300CC07CC /* UserInfoCell.swift */; };
		848F96E71E59C75300CC07CC /* UserInfoCell.xib in Resources */ = {isa = PBXBuildFile; fileRef = 848F96E51E59C75300CC07CC /* UserInfoCell.xib */; };
		848F96E91E59CA9300CC07CC /* UserInfoRow.swift in Sources */ = {isa = PBXBuildFile; fileRef = 848F96E81E59CA9300CC07CC /* UserInfoRow.swift */; };
		848F96ED1E59D82300CC07CC /* UserPhotoEditCell.swift in Sources */ = {isa = PBXBuildFile; fileRef = 848F96EB1E59D82300CC07CC /* UserPhotoEditCell.swift */; };
		848F96EE1E59D82300CC07CC /* UserPhotoEditCell.xib in Resources */ = {isa = PBXBuildFile; fileRef = 848F96EC1E59D82300CC07CC /* UserPhotoEditCell.xib */; };
		849759C01E59DC950065BDCB /* UserPhotoEditRow.swift in Sources */ = {isa = PBXBuildFile; fileRef = 849759BF1E59DC950065BDCB /* UserPhotoEditRow.swift */; };
		849759C81E5A57CA0065BDCB /* ProjectsTableViewController.swift in Sources */ = {isa = PBXBuildFile; fileRef = 849759C71E5A57CA0065BDCB /* ProjectsTableViewController.swift */; };
		8497B3E31E680CA100AD79A2 /* OrdinalButtonContentView.swift in Sources */ = {isa = PBXBuildFile; fileRef = 8497B3E21E680CA100AD79A2 /* OrdinalButtonContentView.swift */; };
		849DEFD41E65B5A100A82EA9 /* UpDownCellTableViewCell.swift in Sources */ = {isa = PBXBuildFile; fileRef = 849DEFD21E65B5A100A82EA9 /* UpDownCellTableViewCell.swift */; };
		849DEFD51E65B5A100A82EA9 /* UpDownCellTableViewCell.xib in Resources */ = {isa = PBXBuildFile; fileRef = 849DEFD31E65B5A100A82EA9 /* UpDownCellTableViewCell.xib */; };
		849DEFD71E65B90700A82EA9 /* UpDownRow.swift in Sources */ = {isa = PBXBuildFile; fileRef = 849DEFD61E65B90700A82EA9 /* UpDownRow.swift */; };
		849DEFDA1E67F77700A82EA9 /* BigButtonContentView.swift in Sources */ = {isa = PBXBuildFile; fileRef = 849DEFD91E67F77700A82EA9 /* BigButtonContentView.swift */; };
		84AC710E1E61653C0023DDB7 /* ReloadView.xib in Resources */ = {isa = PBXBuildFile; fileRef = 84AC710D1E61653C0023DDB7 /* ReloadView.xib */; };
		84AC71101E61654B0023DDB7 /* ReloadView.swift in Sources */ = {isa = PBXBuildFile; fileRef = 84AC710F1E61654B0023DDB7 /* ReloadView.swift */; };
		84AC71121E617B2D0023DDB7 /* ProjectListViewController.swift in Sources */ = {isa = PBXBuildFile; fileRef = 84AC71111E617B2D0023DDB7 /* ProjectListViewController.swift */; };
		84AC71151E6181BD0023DDB7 /* TableViewUnauthorized.swift in Sources */ = {isa = PBXBuildFile; fileRef = 84AC71141E6181BD0023DDB7 /* TableViewUnauthorized.swift */; };
		84AC71171E6181EE0023DDB7 /* TableViewUnauthorized.xib in Resources */ = {isa = PBXBuildFile; fileRef = 84AC71161E6181EE0023DDB7 /* TableViewUnauthorized.xib */; };
		84B3A7481E55D350000CA32E /* Server.swift in Sources */ = {isa = PBXBuildFile; fileRef = 84B3A7471E55D350000CA32E /* Server.swift */; };
		84B3A74E1E563F8F000CA32E /* RegistrationViewController.swift in Sources */ = {isa = PBXBuildFile; fileRef = 84B3A74D1E563F8F000CA32E /* RegistrationViewController.swift */; };
		84BF511B1E56508400B50ADB /* Alerts.swift in Sources */ = {isa = PBXBuildFile; fileRef = 84BF511A1E56508400B50ADB /* Alerts.swift */; };
		84BF511D1E5657A500B50ADB /* ForgotPasswordViewController.swift in Sources */ = {isa = PBXBuildFile; fileRef = 84BF511C1E5657A500B50ADB /* ForgotPasswordViewController.swift */; };
		84BF511F1E56E3A000B50ADB /* SettingsViewController.swift in Sources */ = {isa = PBXBuildFile; fileRef = 84BF511E1E56E3A000B50ADB /* SettingsViewController.swift */; };
		84BF51211E5709E400B50ADB /* ChangePersonalDataViewController.swift in Sources */ = {isa = PBXBuildFile; fileRef = 84BF51201E5709E400B50ADB /* ChangePersonalDataViewController.swift */; };
		84BF51231E57107900B50ADB /* ChangeEmailViewController.swift in Sources */ = {isa = PBXBuildFile; fileRef = 84BF51221E57107900B50ADB /* ChangeEmailViewController.swift */; };
		84BF51251E57137000B50ADB /* ChangePasswordViewController.swift in Sources */ = {isa = PBXBuildFile; fileRef = 84BF51241E57137000B50ADB /* ChangePasswordViewController.swift */; };
		84BF51271E5713D900B50ADB /* PaymentHistoryViewController.swift in Sources */ = {isa = PBXBuildFile; fileRef = 84BF51261E5713D900B50ADB /* PaymentHistoryViewController.swift */; };
		84BF512C1E571DC100B50ADB /* Db.swift in Sources */ = {isa = PBXBuildFile; fileRef = 84BF512B1E571DC100B50ADB /* Db.swift */; };
		84BF512E1E571E0500B50ADB /* MyTabBarController.swift in Sources */ = {isa = PBXBuildFile; fileRef = 84BF512D1E571E0500B50ADB /* MyTabBarController.swift */; };
		84CCD97C1EAE0B8B00A774CE /* NewsHeaderCell.swift in Sources */ = {isa = PBXBuildFile; fileRef = 84CCD97A1EAE0B8B00A774CE /* NewsHeaderCell.swift */; };
		84CCD97D1EAE0B8B00A774CE /* NewsHeaderCell.xib in Resources */ = {isa = PBXBuildFile; fileRef = 84CCD97B1EAE0B8B00A774CE /* NewsHeaderCell.xib */; };
		84CCD9811EAE137D00A774CE /* NewsBodyCell.swift in Sources */ = {isa = PBXBuildFile; fileRef = 84CCD97F1EAE137D00A774CE /* NewsBodyCell.swift */; };
		84CCD9821EAE137D00A774CE /* NewsBodyCell.xib in Resources */ = {isa = PBXBuildFile; fileRef = 84CCD9801EAE137D00A774CE /* NewsBodyCell.xib */; };
		84CCD9851EAE139100A774CE /* NewsFooterCell.swift in Sources */ = {isa = PBXBuildFile; fileRef = 84CCD9831EAE139100A774CE /* NewsFooterCell.swift */; };
		84CCD9861EAE139100A774CE /* NewsFooterCell.xib in Resources */ = {isa = PBXBuildFile; fileRef = 84CCD9841EAE139100A774CE /* NewsFooterCell.xib */; };
		84D496CD1E618ECD00AF0B67 /* ProjectDetailsViewController.swift in Sources */ = {isa = PBXBuildFile; fileRef = 84D496CC1E618ECD00AF0B67 /* ProjectDetailsViewController.swift */; };
		84D496D41E61AD7300AF0B67 /* NewsPiece.swift in Sources */ = {isa = PBXBuildFile; fileRef = 84D496D31E61AD7300AF0B67 /* NewsPiece.swift */; };
		84D496DB1E6237E200AF0B67 /* UIView.swift in Sources */ = {isa = PBXBuildFile; fileRef = 84D496DA1E6237E200AF0B67 /* UIView.swift */; };
		84D6B62F1E998D60002F38F8 /* DetailedUserInfo_ext.swift in Sources */ = {isa = PBXBuildFile; fileRef = 84D6B62E1E998D60002F38F8 /* DetailedUserInfo_ext.swift */; };
		84D6B6461EAC9A31002F38F8 /* AlamofireImplementations.swift in Sources */ = {isa = PBXBuildFile; fileRef = 84D6B6311EAC9A31002F38F8 /* AlamofireImplementations.swift */; };
		84D6B6471EAC9A31002F38F8 /* APIHelper.swift in Sources */ = {isa = PBXBuildFile; fileRef = 84D6B6321EAC9A31002F38F8 /* APIHelper.swift */; };
		84D6B6481EAC9A31002F38F8 /* AccountAPI.swift in Sources */ = {isa = PBXBuildFile; fileRef = 84D6B6341EAC9A31002F38F8 /* AccountAPI.swift */; };
		84D6B6491EAC9A31002F38F8 /* ConnectAPI.swift in Sources */ = {isa = PBXBuildFile; fileRef = 84D6B6351EAC9A31002F38F8 /* ConnectAPI.swift */; };
		84D6B64A1EAC9A31002F38F8 /* NewsAPI.swift in Sources */ = {isa = PBXBuildFile; fileRef = 84D6B6361EAC9A31002F38F8 /* NewsAPI.swift */; };
		84D6B64B1EAC9A31002F38F8 /* PaymentsAPI.swift in Sources */ = {isa = PBXBuildFile; fileRef = 84D6B6371EAC9A31002F38F8 /* PaymentsAPI.swift */; };
		84D6B64C1EAC9A31002F38F8 /* PaymentsHandlerAPI.swift in Sources */ = {isa = PBXBuildFile; fileRef = 84D6B6381EAC9A31002F38F8 /* PaymentsHandlerAPI.swift */; };
		84D6B64D1EAC9A31002F38F8 /* ProjectsAPI.swift in Sources */ = {isa = PBXBuildFile; fileRef = 84D6B6391EAC9A31002F38F8 /* ProjectsAPI.swift */; };
		84D6B64E1EAC9A31002F38F8 /* APIs.swift in Sources */ = {isa = PBXBuildFile; fileRef = 84D6B63A1EAC9A31002F38F8 /* APIs.swift */; };
		84D6B64F1EAC9A31002F38F8 /* Extensions.swift in Sources */ = {isa = PBXBuildFile; fileRef = 84D6B63B1EAC9A31002F38F8 /* Extensions.swift */; };
		84D6B6501EAC9A31002F38F8 /* ApiError.swift in Sources */ = {isa = PBXBuildFile; fileRef = 84D6B63D1EAC9A31002F38F8 /* ApiError.swift */; };
		84D6B6511EAC9A31002F38F8 /* AuthToken.swift in Sources */ = {isa = PBXBuildFile; fileRef = 84D6B63E1EAC9A31002F38F8 /* AuthToken.swift */; };
		84D6B6521EAC9A31002F38F8 /* DetailedUserInfo.swift in Sources */ = {isa = PBXBuildFile; fileRef = 84D6B63F1EAC9A31002F38F8 /* DetailedUserInfo.swift */; };
		84D6B6531EAC9A31002F38F8 /* News.swift in Sources */ = {isa = PBXBuildFile; fileRef = 84D6B6401EAC9A31002F38F8 /* News.swift */; };
		84D6B6541EAC9A31002F38F8 /* Project.swift in Sources */ = {isa = PBXBuildFile; fileRef = 84D6B6411EAC9A31002F38F8 /* Project.swift */; };
		84D6B6551EAC9A31002F38F8 /* RegisterModel.swift in Sources */ = {isa = PBXBuildFile; fileRef = 84D6B6421EAC9A31002F38F8 /* RegisterModel.swift */; };
		84D6B6561EAC9A31002F38F8 /* Transaction.swift in Sources */ = {isa = PBXBuildFile; fileRef = 84D6B6431EAC9A31002F38F8 /* Transaction.swift */; };
		84D6B6571EAC9A31002F38F8 /* UserInfo.swift in Sources */ = {isa = PBXBuildFile; fileRef = 84D6B6441EAC9A31002F38F8 /* UserInfo.swift */; };
		84D6B6581EAC9A31002F38F8 /* Models.swift in Sources */ = {isa = PBXBuildFile; fileRef = 84D6B6451EAC9A31002F38F8 /* Models.swift */; };
		84DDFA731E546BCD0073DFFC /* AppDelegate.swift in Sources */ = {isa = PBXBuildFile; fileRef = 84DDFA721E546BCD0073DFFC /* AppDelegate.swift */; };
		84DDFA751E546BCD0073DFFC /* ViewController.swift in Sources */ = {isa = PBXBuildFile; fileRef = 84DDFA741E546BCD0073DFFC /* ViewController.swift */; };
		84DDFA781E546BCD0073DFFC /* Main.storyboard in Resources */ = {isa = PBXBuildFile; fileRef = 84DDFA761E546BCD0073DFFC /* Main.storyboard */; };
		84DDFA7B1E546BCD0073DFFC /* PlantTree.xcdatamodeld in Sources */ = {isa = PBXBuildFile; fileRef = 84DDFA791E546BCD0073DFFC /* PlantTree.xcdatamodeld */; };
		84DDFA7D1E546BCD0073DFFC /* Assets.xcassets in Resources */ = {isa = PBXBuildFile; fileRef = 84DDFA7C1E546BCD0073DFFC /* Assets.xcassets */; };
		84DDFA801E546BCD0073DFFC /* LaunchScreen.storyboard in Resources */ = {isa = PBXBuildFile; fileRef = 84DDFA7E1E546BCD0073DFFC /* LaunchScreen.storyboard */; };
		84F58C4E1E6371CC0092EA82 /* NewsViewController.swift in Sources */ = {isa = PBXBuildFile; fileRef = 84F58C4D1E6371CC0092EA82 /* NewsViewController.swift */; };
		84F58C501E6378890092EA82 /* OperationInfo.swift in Sources */ = {isa = PBXBuildFile; fileRef = 84F58C4F1E6378890092EA82 /* OperationInfo.swift */; };
		84F58C521E63827F0092EA82 /* PlantTreeViewController.swift in Sources */ = {isa = PBXBuildFile; fileRef = 84F58C511E63827F0092EA82 /* PlantTreeViewController.swift */; };
		84F58C591E6AD68F0092EA82 /* PlantTreeViewController2.swift in Sources */ = {isa = PBXBuildFile; fileRef = 84F58C581E6AD68F0092EA82 /* PlantTreeViewController2.swift */; };
/* End PBXBuildFile section */

/* Begin PBXFileReference section */
		180EB9DF55E29EA8A1AB54A4 /* Pods-PlantTree.debug.xcconfig */ = {isa = PBXFileReference; includeInIndex = 1; lastKnownFileType = text.xcconfig; name = "Pods-PlantTree.debug.xcconfig"; path = "Pods/Target Support Files/Pods-PlantTree/Pods-PlantTree.debug.xcconfig"; sourceTree = "<group>"; };
		586030B5BC7B4AC84089F629 /* NewsBandSeparatorCell.xib */ = {isa = PBXFileReference; lastKnownFileType = file.xib; path = NewsBandSeparatorCell.xib; sourceTree = "<group>"; };
		586030BA04E460DBB4F34CBC /* PersonalData.swift */ = {isa = PBXFileReference; fileEncoding = 4; lastKnownFileType = sourcecode.swift; path = PersonalData.swift; sourceTree = "<group>"; };
		586030E9CCA4506F4312C81D /* ProjectCell.xib */ = {isa = PBXFileReference; lastKnownFileType = file.xib; path = ProjectCell.xib; sourceTree = "<group>"; };
		58603135716173F73461979F /* ErrorType.swift */ = {isa = PBXFileReference; fileEncoding = 4; lastKnownFileType = sourcecode.swift; path = ErrorType.swift; sourceTree = "<group>"; };
		5860323304F9254D47903FBC /* ProjectDetailsCell.swift */ = {isa = PBXFileReference; fileEncoding = 4; lastKnownFileType = sourcecode.swift; path = ProjectDetailsCell.swift; sourceTree = "<group>"; };
		586032494AAFE2087C386379 /* ProjectNewsCell.swift */ = {isa = PBXFileReference; fileEncoding = 4; lastKnownFileType = sourcecode.swift; path = ProjectNewsCell.swift; sourceTree = "<group>"; };
		586032694D2F3E51B731467D /* ProjectStatus.swift */ = {isa = PBXFileReference; fileEncoding = 4; lastKnownFileType = sourcecode.swift; path = ProjectStatus.swift; sourceTree = "<group>"; };
		586032E557DCBB5F1A09BFBF /* Date.swift */ = {isa = PBXFileReference; fileEncoding = 4; lastKnownFileType = sourcecode.swift; path = Date.swift; sourceTree = "<group>"; };
		58603409395A75D84F2DE371 /* ProjectListType.swift */ = {isa = PBXFileReference; fileEncoding = 4; lastKnownFileType = sourcecode.swift; path = ProjectListType.swift; sourceTree = "<group>"; };
		58603448D119E425497068A2 /* ProjectCell.swift */ = {isa = PBXFileReference; fileEncoding = 4; lastKnownFileType = sourcecode.swift; path = ProjectCell.swift; sourceTree = "<group>"; };
		586034B4A177670AB7265F88 /* ApiTargets.swift */ = {isa = PBXFileReference; fileEncoding = 4; lastKnownFileType = sourcecode.swift; path = ApiTargets.swift; sourceTree = "<group>"; };
		586034FC67D299DB4F3E17F9 /* LoadingIndicatorView.swift */ = {isa = PBXFileReference; fileEncoding = 4; lastKnownFileType = sourcecode.swift; path = LoadingIndicatorView.swift; sourceTree = "<group>"; };
		586036CA3D3F69AC7DC0D73C /* ProjectInfo.swift */ = {isa = PBXFileReference; fileEncoding = 4; lastKnownFileType = sourcecode.swift; path = ProjectInfo.swift; sourceTree = "<group>"; };
		5860375EB16C4E315B72FDF4 /* Gender.swift */ = {isa = PBXFileReference; fileEncoding = 4; lastKnownFileType = sourcecode.swift; path = Gender.swift; sourceTree = "<group>"; };
		586037E2E6AFD4692E8BDD0C /* PaymentHistoryCell.xib */ = {isa = PBXFileReference; lastKnownFileType = file.xib; path = PaymentHistoryCell.xib; sourceTree = "<group>"; };
		586037F2B77AD544086BC345 /* NewsBandSeparatorCell.swift */ = {isa = PBXFileReference; fileEncoding = 4; lastKnownFileType = sourcecode.swift; path = NewsBandSeparatorCell.swift; sourceTree = "<group>"; };
		58603A02B331A0721F88C2AC /* ProjectDetailsCell.xib */ = {isa = PBXFileReference; lastKnownFileType = file.xib; path = ProjectDetailsCell.xib; sourceTree = "<group>"; };
		58603A0FE91E8E4A9FDAEE5E /* PaymentHistoryCell.swift */ = {isa = PBXFileReference; fileEncoding = 4; lastKnownFileType = sourcecode.swift; path = PaymentHistoryCell.swift; sourceTree = "<group>"; };
		58603BE30150ED19634B35F9 /* Credentials.swift */ = {isa = PBXFileReference; fileEncoding = 4; lastKnownFileType = sourcecode.swift; path = Credentials.swift; sourceTree = "<group>"; };
		58603D7525C0023FD803DF7F /* Int.swift */ = {isa = PBXFileReference; fileEncoding = 4; lastKnownFileType = sourcecode.swift; path = Int.swift; sourceTree = "<group>"; };
		58603ECF8D9AA3F60A2C8BFD /* ProjectNewsCell.xib */ = {isa = PBXFileReference; lastKnownFileType = file.xib; path = ProjectNewsCell.xib; sourceTree = "<group>"; };
		847FCAE11E977D3500BF6698 /* Project_ext.swift */ = {isa = PBXFileReference; fileEncoding = 4; lastKnownFileType = sourcecode.swift; path = Project_ext.swift; sourceTree = "<group>"; };
		848F96E41E59C75300CC07CC /* UserInfoCell.swift */ = {isa = PBXFileReference; fileEncoding = 4; lastKnownFileType = sourcecode.swift; path = UserInfoCell.swift; sourceTree = "<group>"; };
		848F96E51E59C75300CC07CC /* UserInfoCell.xib */ = {isa = PBXFileReference; fileEncoding = 4; lastKnownFileType = file.xib; path = UserInfoCell.xib; sourceTree = "<group>"; };
		848F96E81E59CA9300CC07CC /* UserInfoRow.swift */ = {isa = PBXFileReference; fileEncoding = 4; lastKnownFileType = sourcecode.swift; path = UserInfoRow.swift; sourceTree = "<group>"; };
		848F96EB1E59D82300CC07CC /* UserPhotoEditCell.swift */ = {isa = PBXFileReference; fileEncoding = 4; lastKnownFileType = sourcecode.swift; path = UserPhotoEditCell.swift; sourceTree = "<group>"; };
		848F96EC1E59D82300CC07CC /* UserPhotoEditCell.xib */ = {isa = PBXFileReference; fileEncoding = 4; lastKnownFileType = file.xib; path = UserPhotoEditCell.xib; sourceTree = "<group>"; };
		849759BF1E59DC950065BDCB /* UserPhotoEditRow.swift */ = {isa = PBXFileReference; fileEncoding = 4; lastKnownFileType = sourcecode.swift; path = UserPhotoEditRow.swift; sourceTree = "<group>"; };
		849759C71E5A57CA0065BDCB /* ProjectsTableViewController.swift */ = {isa = PBXFileReference; fileEncoding = 4; lastKnownFileType = sourcecode.swift; path = ProjectsTableViewController.swift; sourceTree = "<group>"; };
		8497B3E21E680CA100AD79A2 /* OrdinalButtonContentView.swift */ = {isa = PBXFileReference; fileEncoding = 4; lastKnownFileType = sourcecode.swift; path = OrdinalButtonContentView.swift; sourceTree = "<group>"; };
		849DEFD21E65B5A100A82EA9 /* UpDownCellTableViewCell.swift */ = {isa = PBXFileReference; fileEncoding = 4; lastKnownFileType = sourcecode.swift; path = UpDownCellTableViewCell.swift; sourceTree = "<group>"; };
		849DEFD31E65B5A100A82EA9 /* UpDownCellTableViewCell.xib */ = {isa = PBXFileReference; fileEncoding = 4; lastKnownFileType = file.xib; path = UpDownCellTableViewCell.xib; sourceTree = "<group>"; };
		849DEFD61E65B90700A82EA9 /* UpDownRow.swift */ = {isa = PBXFileReference; fileEncoding = 4; lastKnownFileType = sourcecode.swift; path = UpDownRow.swift; sourceTree = "<group>"; };
		849DEFD91E67F77700A82EA9 /* BigButtonContentView.swift */ = {isa = PBXFileReference; fileEncoding = 4; lastKnownFileType = sourcecode.swift; path = BigButtonContentView.swift; sourceTree = "<group>"; };
		84AC710D1E61653C0023DDB7 /* ReloadView.xib */ = {isa = PBXFileReference; fileEncoding = 4; lastKnownFileType = file.xib; path = ReloadView.xib; sourceTree = "<group>"; };
		84AC710F1E61654B0023DDB7 /* ReloadView.swift */ = {isa = PBXFileReference; fileEncoding = 4; lastKnownFileType = sourcecode.swift; path = ReloadView.swift; sourceTree = "<group>"; };
		84AC71111E617B2D0023DDB7 /* ProjectListViewController.swift */ = {isa = PBXFileReference; fileEncoding = 4; lastKnownFileType = sourcecode.swift; path = ProjectListViewController.swift; sourceTree = "<group>"; };
		84AC71141E6181BD0023DDB7 /* TableViewUnauthorized.swift */ = {isa = PBXFileReference; fileEncoding = 4; lastKnownFileType = sourcecode.swift; path = TableViewUnauthorized.swift; sourceTree = "<group>"; };
		84AC71161E6181EE0023DDB7 /* TableViewUnauthorized.xib */ = {isa = PBXFileReference; fileEncoding = 4; lastKnownFileType = file.xib; path = TableViewUnauthorized.xib; sourceTree = "<group>"; };
		84B3A7471E55D350000CA32E /* Server.swift */ = {isa = PBXFileReference; fileEncoding = 4; lastKnownFileType = sourcecode.swift; path = Server.swift; sourceTree = "<group>"; };
		84B3A74D1E563F8F000CA32E /* RegistrationViewController.swift */ = {isa = PBXFileReference; fileEncoding = 4; lastKnownFileType = sourcecode.swift; path = RegistrationViewController.swift; sourceTree = "<group>"; };
		84BF511A1E56508400B50ADB /* Alerts.swift */ = {isa = PBXFileReference; fileEncoding = 4; lastKnownFileType = sourcecode.swift; path = Alerts.swift; sourceTree = "<group>"; };
		84BF511C1E5657A500B50ADB /* ForgotPasswordViewController.swift */ = {isa = PBXFileReference; fileEncoding = 4; lastKnownFileType = sourcecode.swift; path = ForgotPasswordViewController.swift; sourceTree = "<group>"; };
		84BF511E1E56E3A000B50ADB /* SettingsViewController.swift */ = {isa = PBXFileReference; fileEncoding = 4; lastKnownFileType = sourcecode.swift; path = SettingsViewController.swift; sourceTree = "<group>"; };
		84BF51201E5709E400B50ADB /* ChangePersonalDataViewController.swift */ = {isa = PBXFileReference; fileEncoding = 4; lastKnownFileType = sourcecode.swift; path = ChangePersonalDataViewController.swift; sourceTree = "<group>"; };
		84BF51221E57107900B50ADB /* ChangeEmailViewController.swift */ = {isa = PBXFileReference; fileEncoding = 4; lastKnownFileType = sourcecode.swift; path = ChangeEmailViewController.swift; sourceTree = "<group>"; };
		84BF51241E57137000B50ADB /* ChangePasswordViewController.swift */ = {isa = PBXFileReference; fileEncoding = 4; lastKnownFileType = sourcecode.swift; path = ChangePasswordViewController.swift; sourceTree = "<group>"; };
		84BF51261E5713D900B50ADB /* PaymentHistoryViewController.swift */ = {isa = PBXFileReference; fileEncoding = 4; lastKnownFileType = sourcecode.swift; path = PaymentHistoryViewController.swift; sourceTree = "<group>"; };
		84BF512B1E571DC100B50ADB /* Db.swift */ = {isa = PBXFileReference; fileEncoding = 4; lastKnownFileType = sourcecode.swift; path = Db.swift; sourceTree = "<group>"; };
		84BF512D1E571E0500B50ADB /* MyTabBarController.swift */ = {isa = PBXFileReference; fileEncoding = 4; lastKnownFileType = sourcecode.swift; path = MyTabBarController.swift; sourceTree = "<group>"; };
		84CCD97A1EAE0B8B00A774CE /* NewsHeaderCell.swift */ = {isa = PBXFileReference; fileEncoding = 4; lastKnownFileType = sourcecode.swift; path = NewsHeaderCell.swift; sourceTree = "<group>"; };
		84CCD97B1EAE0B8B00A774CE /* NewsHeaderCell.xib */ = {isa = PBXFileReference; fileEncoding = 4; lastKnownFileType = file.xib; path = NewsHeaderCell.xib; sourceTree = "<group>"; };
		84CCD97F1EAE137D00A774CE /* NewsBodyCell.swift */ = {isa = PBXFileReference; fileEncoding = 4; lastKnownFileType = sourcecode.swift; path = NewsBodyCell.swift; sourceTree = "<group>"; };
		84CCD9801EAE137D00A774CE /* NewsBodyCell.xib */ = {isa = PBXFileReference; fileEncoding = 4; lastKnownFileType = file.xib; path = NewsBodyCell.xib; sourceTree = "<group>"; };
		84CCD9831EAE139100A774CE /* NewsFooterCell.swift */ = {isa = PBXFileReference; fileEncoding = 4; lastKnownFileType = sourcecode.swift; path = NewsFooterCell.swift; sourceTree = "<group>"; };
		84CCD9841EAE139100A774CE /* NewsFooterCell.xib */ = {isa = PBXFileReference; fileEncoding = 4; lastKnownFileType = file.xib; path = NewsFooterCell.xib; sourceTree = "<group>"; };
		84D496CC1E618ECD00AF0B67 /* ProjectDetailsViewController.swift */ = {isa = PBXFileReference; fileEncoding = 4; lastKnownFileType = sourcecode.swift; path = ProjectDetailsViewController.swift; sourceTree = "<group>"; };
		84D496D31E61AD7300AF0B67 /* NewsPiece.swift */ = {isa = PBXFileReference; fileEncoding = 4; lastKnownFileType = sourcecode.swift; path = NewsPiece.swift; sourceTree = "<group>"; };
		84D496DA1E6237E200AF0B67 /* UIView.swift */ = {isa = PBXFileReference; fileEncoding = 4; lastKnownFileType = sourcecode.swift; path = UIView.swift; sourceTree = "<group>"; };
		84D6B62E1E998D60002F38F8 /* DetailedUserInfo_ext.swift */ = {isa = PBXFileReference; fileEncoding = 4; lastKnownFileType = sourcecode.swift; path = DetailedUserInfo_ext.swift; sourceTree = "<group>"; };
		84D6B6311EAC9A31002F38F8 /* AlamofireImplementations.swift */ = {isa = PBXFileReference; fileEncoding = 4; lastKnownFileType = sourcecode.swift; path = AlamofireImplementations.swift; sourceTree = "<group>"; };
		84D6B6321EAC9A31002F38F8 /* APIHelper.swift */ = {isa = PBXFileReference; fileEncoding = 4; lastKnownFileType = sourcecode.swift; path = APIHelper.swift; sourceTree = "<group>"; };
		84D6B6341EAC9A31002F38F8 /* AccountAPI.swift */ = {isa = PBXFileReference; fileEncoding = 4; lastKnownFileType = sourcecode.swift; path = AccountAPI.swift; sourceTree = "<group>"; };
		84D6B6351EAC9A31002F38F8 /* ConnectAPI.swift */ = {isa = PBXFileReference; fileEncoding = 4; lastKnownFileType = sourcecode.swift; path = ConnectAPI.swift; sourceTree = "<group>"; };
		84D6B6361EAC9A31002F38F8 /* NewsAPI.swift */ = {isa = PBXFileReference; fileEncoding = 4; lastKnownFileType = sourcecode.swift; path = NewsAPI.swift; sourceTree = "<group>"; };
		84D6B6371EAC9A31002F38F8 /* PaymentsAPI.swift */ = {isa = PBXFileReference; fileEncoding = 4; lastKnownFileType = sourcecode.swift; path = PaymentsAPI.swift; sourceTree = "<group>"; };
		84D6B6381EAC9A31002F38F8 /* PaymentsHandlerAPI.swift */ = {isa = PBXFileReference; fileEncoding = 4; lastKnownFileType = sourcecode.swift; path = PaymentsHandlerAPI.swift; sourceTree = "<group>"; };
		84D6B6391EAC9A31002F38F8 /* ProjectsAPI.swift */ = {isa = PBXFileReference; fileEncoding = 4; lastKnownFileType = sourcecode.swift; path = ProjectsAPI.swift; sourceTree = "<group>"; };
		84D6B63A1EAC9A31002F38F8 /* APIs.swift */ = {isa = PBXFileReference; fileEncoding = 4; lastKnownFileType = sourcecode.swift; path = APIs.swift; sourceTree = "<group>"; };
		84D6B63B1EAC9A31002F38F8 /* Extensions.swift */ = {isa = PBXFileReference; fileEncoding = 4; lastKnownFileType = sourcecode.swift; path = Extensions.swift; sourceTree = "<group>"; };
		84D6B63D1EAC9A31002F38F8 /* ApiError.swift */ = {isa = PBXFileReference; fileEncoding = 4; lastKnownFileType = sourcecode.swift; path = ApiError.swift; sourceTree = "<group>"; };
		84D6B63E1EAC9A31002F38F8 /* AuthToken.swift */ = {isa = PBXFileReference; fileEncoding = 4; lastKnownFileType = sourcecode.swift; path = AuthToken.swift; sourceTree = "<group>"; };
		84D6B63F1EAC9A31002F38F8 /* DetailedUserInfo.swift */ = {isa = PBXFileReference; fileEncoding = 4; lastKnownFileType = sourcecode.swift; path = DetailedUserInfo.swift; sourceTree = "<group>"; };
		84D6B6401EAC9A31002F38F8 /* News.swift */ = {isa = PBXFileReference; fileEncoding = 4; lastKnownFileType = sourcecode.swift; path = News.swift; sourceTree = "<group>"; };
		84D6B6411EAC9A31002F38F8 /* Project.swift */ = {isa = PBXFileReference; fileEncoding = 4; lastKnownFileType = sourcecode.swift; path = Project.swift; sourceTree = "<group>"; };
		84D6B6421EAC9A31002F38F8 /* RegisterModel.swift */ = {isa = PBXFileReference; fileEncoding = 4; lastKnownFileType = sourcecode.swift; path = RegisterModel.swift; sourceTree = "<group>"; };
		84D6B6431EAC9A31002F38F8 /* Transaction.swift */ = {isa = PBXFileReference; fileEncoding = 4; lastKnownFileType = sourcecode.swift; path = Transaction.swift; sourceTree = "<group>"; };
		84D6B6441EAC9A31002F38F8 /* UserInfo.swift */ = {isa = PBXFileReference; fileEncoding = 4; lastKnownFileType = sourcecode.swift; path = UserInfo.swift; sourceTree = "<group>"; };
		84D6B6451EAC9A31002F38F8 /* Models.swift */ = {isa = PBXFileReference; fileEncoding = 4; lastKnownFileType = sourcecode.swift; path = Models.swift; sourceTree = "<group>"; };
		84DDFA6F1E546BCD0073DFFC /* PlantTree.app */ = {isa = PBXFileReference; explicitFileType = wrapper.application; includeInIndex = 0; path = PlantTree.app; sourceTree = BUILT_PRODUCTS_DIR; };
		84DDFA721E546BCD0073DFFC /* AppDelegate.swift */ = {isa = PBXFileReference; lastKnownFileType = sourcecode.swift; path = AppDelegate.swift; sourceTree = "<group>"; };
		84DDFA741E546BCD0073DFFC /* ViewController.swift */ = {isa = PBXFileReference; lastKnownFileType = sourcecode.swift; path = ViewController.swift; sourceTree = "<group>"; };
		84DDFA771E546BCD0073DFFC /* Base */ = {isa = PBXFileReference; lastKnownFileType = file.storyboard; name = Base; path = Base.lproj/Main.storyboard; sourceTree = "<group>"; };
		84DDFA7A1E546BCD0073DFFC /* PlantTree.xcdatamodel */ = {isa = PBXFileReference; lastKnownFileType = wrapper.xcdatamodel; path = PlantTree.xcdatamodel; sourceTree = "<group>"; };
		84DDFA7C1E546BCD0073DFFC /* Assets.xcassets */ = {isa = PBXFileReference; lastKnownFileType = folder.assetcatalog; path = Assets.xcassets; sourceTree = "<group>"; };
		84DDFA7F1E546BCD0073DFFC /* Base */ = {isa = PBXFileReference; lastKnownFileType = file.storyboard; name = Base; path = Base.lproj/LaunchScreen.storyboard; sourceTree = "<group>"; };
		84DDFA811E546BCD0073DFFC /* Info.plist */ = {isa = PBXFileReference; lastKnownFileType = text.plist.xml; path = Info.plist; sourceTree = "<group>"; };
		84F58C4D1E6371CC0092EA82 /* NewsViewController.swift */ = {isa = PBXFileReference; fileEncoding = 4; lastKnownFileType = sourcecode.swift; path = NewsViewController.swift; sourceTree = "<group>"; };
		84F58C4F1E6378890092EA82 /* OperationInfo.swift */ = {isa = PBXFileReference; fileEncoding = 4; lastKnownFileType = sourcecode.swift; path = OperationInfo.swift; sourceTree = "<group>"; };
		84F58C511E63827F0092EA82 /* PlantTreeViewController.swift */ = {isa = PBXFileReference; fileEncoding = 4; lastKnownFileType = sourcecode.swift; path = PlantTreeViewController.swift; sourceTree = "<group>"; };
		84F58C581E6AD68F0092EA82 /* PlantTreeViewController2.swift */ = {isa = PBXFileReference; fileEncoding = 4; lastKnownFileType = sourcecode.swift; path = PlantTreeViewController2.swift; sourceTree = "<group>"; };
		EBFB193B7D14F4DC144DAF83 /* Pods-PlantTree.release.xcconfig */ = {isa = PBXFileReference; includeInIndex = 1; lastKnownFileType = text.xcconfig; name = "Pods-PlantTree.release.xcconfig"; path = "Pods/Target Support Files/Pods-PlantTree/Pods-PlantTree.release.xcconfig"; sourceTree = "<group>"; };
		F8F4F29879DA40C265550933 /* Pods_PlantTree.framework */ = {isa = PBXFileReference; explicitFileType = wrapper.framework; includeInIndex = 0; path = Pods_PlantTree.framework; sourceTree = BUILT_PRODUCTS_DIR; };
/* End PBXFileReference section */

/* Begin PBXFrameworksBuildPhase section */
		84DDFA6C1E546BCC0073DFFC /* Frameworks */ = {
			isa = PBXFrameworksBuildPhase;
			buildActionMask = 2147483647;
			files = (
				123FB4D8BE93C6BC8D0443ED /* Pods_PlantTree.framework in Frameworks */,
			);
			runOnlyForDeploymentPostprocessing = 0;
		};
/* End PBXFrameworksBuildPhase section */

/* Begin PBXGroup section */
		38316CFB5B70F8A94AF4B988 /* Frameworks */ = {
			isa = PBXGroup;
			children = (
				F8F4F29879DA40C265550933 /* Pods_PlantTree.framework */,
			);
			name = Frameworks;
			sourceTree = "<group>";
		};
		5860309959CEAEEE6CAF732F /* PaymentHistoryCell */ = {
			isa = PBXGroup;
			children = (
				58603A0FE91E8E4A9FDAEE5E /* PaymentHistoryCell.swift */,
				586037E2E6AFD4692E8BDD0C /* PaymentHistoryCell.xib */,
			);
			name = PaymentHistoryCell;
			sourceTree = "<group>";
		};
		58603243BBAE846A08D96BC6 /* NewsFooterCell */ = {
			isa = PBXGroup;
			children = (
				84CCD9831EAE139100A774CE /* NewsFooterCell.swift */,
				84CCD9841EAE139100A774CE /* NewsFooterCell.xib */,
			);
			name = NewsFooterCell;
			sourceTree = "<group>";
		};
		5860332D4331189FB7E1D447 /* ProjectCell */ = {
			isa = PBXGroup;
			children = (
				58603448D119E425497068A2 /* ProjectCell.swift */,
				586030E9CCA4506F4312C81D /* ProjectCell.xib */,
			);
			name = ProjectCell;
			sourceTree = "<group>";
		};
		58603388F7A6535B9FE7E124 /* Cells */ = {
			isa = PBXGroup;
			children = (
				84CCD97E1EAE0D1200A774CE /* ProjectDetails */,
				5860332D4331189FB7E1D447 /* ProjectCell */,
				5860309959CEAEEE6CAF732F /* PaymentHistoryCell */,
				58603780D14B4435B75C4CA2 /* News */,
			);
			name = Cells;
			sourceTree = "<group>";
		};
		586034E669B844027CED2A1A /* NewsBodyCell */ = {
			isa = PBXGroup;
			children = (
				84CCD97F1EAE137D00A774CE /* NewsBodyCell.swift */,
				84CCD9801EAE137D00A774CE /* NewsBodyCell.xib */,
			);
			name = NewsBodyCell;
			sourceTree = "<group>";
		};
		5860372BEF41DCAC2B3F6F86 /* ProjectNewsCell */ = {
			isa = PBXGroup;
			children = (
				586032494AAFE2087C386379 /* ProjectNewsCell.swift */,
				58603ECF8D9AA3F60A2C8BFD /* ProjectNewsCell.xib */,
			);
			name = ProjectNewsCell;
			sourceTree = "<group>";
		};
		58603780D14B4435B75C4CA2 /* News */ = {
			isa = PBXGroup;
			children = (
				58603CDAF4293F194CA40B23 /* NewsHeaderCell */,
				586034E669B844027CED2A1A /* NewsBodyCell */,
				58603243BBAE846A08D96BC6 /* NewsFooterCell */,
			);
			name = News;
			sourceTree = "<group>";
		};
		5860394C94DFF0AC96DB8020 /* ProjectDetailsCell */ = {
			isa = PBXGroup;
			children = (
				5860323304F9254D47903FBC /* ProjectDetailsCell.swift */,
				58603A02B331A0721F88C2AC /* ProjectDetailsCell.xib */,
			);
			name = ProjectDetailsCell;
			sourceTree = "<group>";
		};
		58603C00ABE7D78C26249B2B /* NewsBandSeparatorCell */ = {
			isa = PBXGroup;
			children = (
				586037F2B77AD544086BC345 /* NewsBandSeparatorCell.swift */,
				586030B5BC7B4AC84089F629 /* NewsBandSeparatorCell.xib */,
			);
			name = NewsBandSeparatorCell;
			sourceTree = "<group>";
		};
		58603CDAF4293F194CA40B23 /* NewsHeaderCell */ = {
			isa = PBXGroup;
			children = (
				84CCD97A1EAE0B8B00A774CE /* NewsHeaderCell.swift */,
				84CCD97B1EAE0B8B00A774CE /* NewsHeaderCell.xib */,
			);
			name = NewsHeaderCell;
			sourceTree = "<group>";
		};
		847FCAE01E977D2000BF6698 /* SwaggersExtensions */ = {
			isa = PBXGroup;
			children = (
				847FCAE11E977D3500BF6698 /* Project_ext.swift */,
				84D6B62E1E998D60002F38F8 /* DetailedUserInfo_ext.swift */,
			);
			name = SwaggersExtensions;
			sourceTree = "<group>";
		};
		848F96E21E59C72A00CC07CC /* EurekaRows */ = {
			isa = PBXGroup;
			children = (
				849DEFD11E65B51A00A82EA9 /* UpDownRow */,
				848F96EA1E59D7E400CC07CC /* UserPhotoEditRow */,
				848F96E31E59C73300CC07CC /* UserInfoRow */,
			);
			name = EurekaRows;
			sourceTree = "<group>";
		};
		848F96E31E59C73300CC07CC /* UserInfoRow */ = {
			isa = PBXGroup;
			children = (
				848F96E41E59C75300CC07CC /* UserInfoCell.swift */,
				848F96E51E59C75300CC07CC /* UserInfoCell.xib */,
				848F96E81E59CA9300CC07CC /* UserInfoRow.swift */,
			);
			name = UserInfoRow;
			sourceTree = "<group>";
		};
		848F96EA1E59D7E400CC07CC /* UserPhotoEditRow */ = {
			isa = PBXGroup;
			children = (
				848F96EB1E59D82300CC07CC /* UserPhotoEditCell.swift */,
				848F96EC1E59D82300CC07CC /* UserPhotoEditCell.xib */,
				849759BF1E59DC950065BDCB /* UserPhotoEditRow.swift */,
			);
			name = UserPhotoEditRow;
			sourceTree = "<group>";
		};
		849759C11E5A461E0065BDCB /* Views */ = {
			isa = PBXGroup;
			children = (
				84AC71131E6181A80023DDB7 /* TableViewUnauthorized */,
				84AC71081E61639A0023DDB7 /* TableViewReload */,
				58603388F7A6535B9FE7E124 /* Cells */,
			);
			name = Views;
			sourceTree = "<group>";
		};
		849DEFD11E65B51A00A82EA9 /* UpDownRow */ = {
			isa = PBXGroup;
			children = (
				849DEFD21E65B5A100A82EA9 /* UpDownCellTableViewCell.swift */,
				849DEFD31E65B5A100A82EA9 /* UpDownCellTableViewCell.xib */,
				849DEFD61E65B90700A82EA9 /* UpDownRow.swift */,
			);
			name = UpDownRow;
			sourceTree = "<group>";
		};
		849DEFD81E67F71800A82EA9 /* ESTabBar Contens Views */ = {
			isa = PBXGroup;
			children = (
				849DEFD91E67F77700A82EA9 /* BigButtonContentView.swift */,
				8497B3E21E680CA100AD79A2 /* OrdinalButtonContentView.swift */,
			);
			name = "ESTabBar Contens Views";
			sourceTree = "<group>";
		};
		84AC71081E61639A0023DDB7 /* TableViewReload */ = {
			isa = PBXGroup;
			children = (
				84AC710D1E61653C0023DDB7 /* ReloadView.xib */,
				84AC710F1E61654B0023DDB7 /* ReloadView.swift */,
			);
			name = TableViewReload;
			sourceTree = "<group>";
		};
		84AC71131E6181A80023DDB7 /* TableViewUnauthorized */ = {
			isa = PBXGroup;
			children = (
				84AC71141E6181BD0023DDB7 /* TableViewUnauthorized.swift */,
				84AC71161E6181EE0023DDB7 /* TableViewUnauthorized.xib */,
			);
			name = TableViewUnauthorized;
			sourceTree = "<group>";
		};
		84B3A7461E55D31A000CA32E /* Server */ = {
			isa = PBXGroup;
			children = (
				586034B4A177670AB7265F88 /* ApiTargets.swift */,
				84BF512B1E571DC100B50ADB /* Db.swift */,
				58603BE30150ED19634B35F9 /* Credentials.swift */,
				84B3A7471E55D350000CA32E /* Server.swift */,
			);
			name = Server;
			sourceTree = "<group>";
		};
		84B3A7491E55D874000CA32E /* Classes */ = {
			isa = PBXGroup;
			children = (
				849DEFD81E67F71800A82EA9 /* ESTabBar Contens Views */,
				58603135716173F73461979F /* ErrorType.swift */,
				586030BA04E460DBB4F34CBC /* PersonalData.swift */,
				5860375EB16C4E315B72FDF4 /* Gender.swift */,
				586032E557DCBB5F1A09BFBF /* Date.swift */,
				84BF511A1E56508400B50ADB /* Alerts.swift */,
				586034FC67D299DB4F3E17F9 /* LoadingIndicatorView.swift */,
				586036CA3D3F69AC7DC0D73C /* ProjectInfo.swift */,
				586032694D2F3E51B731467D /* ProjectStatus.swift */,
				58603409395A75D84F2DE371 /* ProjectListType.swift */,
				58603D7525C0023FD803DF7F /* Int.swift */,
				84D496D31E61AD7300AF0B67 /* NewsPiece.swift */,
				84D496DA1E6237E200AF0B67 /* UIView.swift */,
				84F58C4F1E6378890092EA82 /* OperationInfo.swift */,
			);
			name = Classes;
			sourceTree = "<group>";
		};
		84B3A74A1E563054000CA32E /* ViewControllers */ = {
			isa = PBXGroup;
			children = (
				84BF51281E57143700B50ADB /* Settings */,
				84BF512D1E571E0500B50ADB /* MyTabBarController.swift */,
				849759C71E5A57CA0065BDCB /* ProjectsTableViewController.swift */,
				84AC71111E617B2D0023DDB7 /* ProjectListViewController.swift */,
				84D496CC1E618ECD00AF0B67 /* ProjectDetailsViewController.swift */,
				84F58C4D1E6371CC0092EA82 /* NewsViewController.swift */,
				84F58C511E63827F0092EA82 /* PlantTreeViewController.swift */,
				84F58C581E6AD68F0092EA82 /* PlantTreeViewController2.swift */,
			);
			name = ViewControllers;
			sourceTree = "<group>";
		};
		84BF51281E57143700B50ADB /* Settings */ = {
			isa = PBXGroup;
			children = (
				84BF511E1E56E3A000B50ADB /* SettingsViewController.swift */,
				84BF512A1E57146100B50ADB /* NotSigned */,
				84BF51291E57145700B50ADB /* Signed */,
			);
			name = Settings;
			sourceTree = "<group>";
		};
		84BF51291E57145700B50ADB /* Signed */ = {
			isa = PBXGroup;
			children = (
				84BF51201E5709E400B50ADB /* ChangePersonalDataViewController.swift */,
				84BF51221E57107900B50ADB /* ChangeEmailViewController.swift */,
				84BF51241E57137000B50ADB /* ChangePasswordViewController.swift */,
				84BF51261E5713D900B50ADB /* PaymentHistoryViewController.swift */,
			);
			name = Signed;
			sourceTree = "<group>";
		};
		84BF512A1E57146100B50ADB /* NotSigned */ = {
			isa = PBXGroup;
			children = (
				84B3A74D1E563F8F000CA32E /* RegistrationViewController.swift */,
				84BF511C1E5657A500B50ADB /* ForgotPasswordViewController.swift */,
			);
			name = NotSigned;
			sourceTree = "<group>";
		};
		84CCD97E1EAE0D1200A774CE /* ProjectDetails */ = {
			isa = PBXGroup;
			children = (
				58603C00ABE7D78C26249B2B /* NewsBandSeparatorCell */,
				5860394C94DFF0AC96DB8020 /* ProjectDetailsCell */,
				5860372BEF41DCAC2B3F6F86 /* ProjectNewsCell */,
			);
			name = ProjectDetails;
			sourceTree = "<group>";
		};
		84D6B6301EAC9A31002F38F8 /* Swaggers */ = {
			isa = PBXGroup;
			children = (
				84D6B6311EAC9A31002F38F8 /* AlamofireImplementations.swift */,
				84D6B6321EAC9A31002F38F8 /* APIHelper.swift */,
				84D6B6331EAC9A31002F38F8 /* APIs */,
				84D6B63A1EAC9A31002F38F8 /* APIs.swift */,
				84D6B63B1EAC9A31002F38F8 /* Extensions.swift */,
				84D6B63C1EAC9A31002F38F8 /* Models */,
				84D6B6451EAC9A31002F38F8 /* Models.swift */,
			);
			path = Swaggers;
			sourceTree = "<group>";
		};
		84D6B6331EAC9A31002F38F8 /* APIs */ = {
			isa = PBXGroup;
			children = (
				84D6B6341EAC9A31002F38F8 /* AccountAPI.swift */,
				84D6B6351EAC9A31002F38F8 /* ConnectAPI.swift */,
				84D6B6361EAC9A31002F38F8 /* NewsAPI.swift */,
				84D6B6371EAC9A31002F38F8 /* PaymentsAPI.swift */,
				84D6B6381EAC9A31002F38F8 /* PaymentsHandlerAPI.swift */,
				84D6B6391EAC9A31002F38F8 /* ProjectsAPI.swift */,
			);
			path = APIs;
			sourceTree = "<group>";
		};
		84D6B63C1EAC9A31002F38F8 /* Models */ = {
			isa = PBXGroup;
			children = (
				84D6B63D1EAC9A31002F38F8 /* ApiError.swift */,
				84D6B63E1EAC9A31002F38F8 /* AuthToken.swift */,
				84D6B63F1EAC9A31002F38F8 /* DetailedUserInfo.swift */,
				84D6B6401EAC9A31002F38F8 /* News.swift */,
				84D6B6411EAC9A31002F38F8 /* Project.swift */,
				84D6B6421EAC9A31002F38F8 /* RegisterModel.swift */,
				84D6B6431EAC9A31002F38F8 /* Transaction.swift */,
				84D6B6441EAC9A31002F38F8 /* UserInfo.swift */,
			);
			path = Models;
			sourceTree = "<group>";
		};
		84DDFA661E546BCC0073DFFC = {
			isa = PBXGroup;
			children = (
				84DDFA711E546BCD0073DFFC /* PlantTree */,
				84DDFA701E546BCD0073DFFC /* Products */,
				90B15CB9257F614FA2407054 /* Pods */,
				38316CFB5B70F8A94AF4B988 /* Frameworks */,
			);
			sourceTree = "<group>";
		};
		84DDFA701E546BCD0073DFFC /* Products */ = {
			isa = PBXGroup;
			children = (
				84DDFA6F1E546BCD0073DFFC /* PlantTree.app */,
			);
			name = Products;
			sourceTree = "<group>";
		};
		84DDFA711E546BCD0073DFFC /* PlantTree */ = {
			isa = PBXGroup;
			children = (
				84D6B6301EAC9A31002F38F8 /* Swaggers */,
				847FCAE01E977D2000BF6698 /* SwaggersExtensions */,
				849759C11E5A461E0065BDCB /* Views */,
				848F96E21E59C72A00CC07CC /* EurekaRows */,
				84B3A74A1E563054000CA32E /* ViewControllers */,
				84B3A7491E55D874000CA32E /* Classes */,
				84B3A7461E55D31A000CA32E /* Server */,
				84DDFA721E546BCD0073DFFC /* AppDelegate.swift */,
				84DDFA741E546BCD0073DFFC /* ViewController.swift */,
				84DDFA761E546BCD0073DFFC /* Main.storyboard */,
				84DDFA7C1E546BCD0073DFFC /* Assets.xcassets */,
				84DDFA7E1E546BCD0073DFFC /* LaunchScreen.storyboard */,
				84DDFA811E546BCD0073DFFC /* Info.plist */,
				84DDFA791E546BCD0073DFFC /* PlantTree.xcdatamodeld */,
			);
			path = PlantTree;
			sourceTree = "<group>";
		};
		90B15CB9257F614FA2407054 /* Pods */ = {
			isa = PBXGroup;
			children = (
				180EB9DF55E29EA8A1AB54A4 /* Pods-PlantTree.debug.xcconfig */,
				EBFB193B7D14F4DC144DAF83 /* Pods-PlantTree.release.xcconfig */,
			);
			name = Pods;
			sourceTree = "<group>";
		};
/* End PBXGroup section */

/* Begin PBXNativeTarget section */
		84DDFA6E1E546BCC0073DFFC /* PlantTree */ = {
			isa = PBXNativeTarget;
			buildConfigurationList = 84DDFA841E546BCD0073DFFC /* Build configuration list for PBXNativeTarget "PlantTree" */;
			buildPhases = (
				A129F03DC9560F89AD002DBA /* [CP] Check Pods Manifest.lock */,
				84DDFA6B1E546BCC0073DFFC /* Sources */,
				84DDFA6C1E546BCC0073DFFC /* Frameworks */,
				84DDFA6D1E546BCC0073DFFC /* Resources */,
				A6439C11962D036AE153B1F1 /* [CP] Embed Pods Frameworks */,
				6CEFB908FC188A0AF5392AF4 /* [CP] Copy Pods Resources */,
			);
			buildRules = (
			);
			dependencies = (
			);
			name = PlantTree;
			productName = PlantTree;
			productReference = 84DDFA6F1E546BCD0073DFFC /* PlantTree.app */;
			productType = "com.apple.product-type.application";
		};
/* End PBXNativeTarget section */

/* Begin PBXProject section */
		84DDFA671E546BCC0073DFFC /* Project object */ = {
			isa = PBXProject;
			attributes = {
				LastSwiftUpdateCheck = 0820;
				LastUpgradeCheck = 0820;
				ORGANIZATIONNAME = greenworld;
				TargetAttributes = {
					84DDFA6E1E546BCC0073DFFC = {
						CreatedOnToolsVersion = 8.2.1;
						DevelopmentTeam = 67D4E7YPP9;
						ProvisioningStyle = Automatic;
					};
				};
			};
			buildConfigurationList = 84DDFA6A1E546BCC0073DFFC /* Build configuration list for PBXProject "PlantTree" */;
			compatibilityVersion = "Xcode 3.2";
			developmentRegion = English;
			hasScannedForEncodings = 0;
			knownRegions = (
				en,
				Base,
			);
			mainGroup = 84DDFA661E546BCC0073DFFC;
			productRefGroup = 84DDFA701E546BCD0073DFFC /* Products */;
			projectDirPath = "";
			projectRoot = "";
			targets = (
				84DDFA6E1E546BCC0073DFFC /* PlantTree */,
			);
		};
/* End PBXProject section */

/* Begin PBXResourcesBuildPhase section */
		84DDFA6D1E546BCC0073DFFC /* Resources */ = {
			isa = PBXResourcesBuildPhase;
			buildActionMask = 2147483647;
			files = (
				848F96E71E59C75300CC07CC /* UserInfoCell.xib in Resources */,
				84DDFA801E546BCD0073DFFC /* LaunchScreen.storyboard in Resources */,
				848F96EE1E59D82300CC07CC /* UserPhotoEditCell.xib in Resources */,
				84AC710E1E61653C0023DDB7 /* ReloadView.xib in Resources */,
				84DDFA7D1E546BCD0073DFFC /* Assets.xcassets in Resources */,
				84DDFA781E546BCD0073DFFC /* Main.storyboard in Resources */,
				849DEFD51E65B5A100A82EA9 /* UpDownCellTableViewCell.xib in Resources */,
				84CCD97D1EAE0B8B00A774CE /* NewsHeaderCell.xib in Resources */,
				84AC71171E6181EE0023DDB7 /* TableViewUnauthorized.xib in Resources */,
				58603FA78CD5B5C0AA91BDC4 /* ProjectCell.xib in Resources */,
				586034FF9C7B39092FE27636 /* NewsBandSeparatorCell.xib in Resources */,
				84CCD9821EAE137D00A774CE /* NewsBodyCell.xib in Resources */,
				586039F1DD6547E792258A96 /* ProjectDetailsCell.xib in Resources */,
				5860394204723E6F4A511EEB /* PaymentHistoryCell.xib in Resources */,
				5860349D01AD0F7E81AF1019 /* ProjectNewsCell.xib in Resources */,
				84CCD9861EAE139100A774CE /* NewsFooterCell.xib in Resources */,
			);
			runOnlyForDeploymentPostprocessing = 0;
		};
/* End PBXResourcesBuildPhase section */

/* Begin PBXShellScriptBuildPhase section */
		6CEFB908FC188A0AF5392AF4 /* [CP] Copy Pods Resources */ = {
			isa = PBXShellScriptBuildPhase;
			buildActionMask = 2147483647;
			files = (
			);
			inputPaths = (
			);
			name = "[CP] Copy Pods Resources";
			outputPaths = (
			);
			runOnlyForDeploymentPostprocessing = 0;
			shellPath = /bin/sh;
			shellScript = "\"${SRCROOT}/Pods/Target Support Files/Pods-PlantTree/Pods-PlantTree-resources.sh\"\n";
			showEnvVarsInLog = 0;
		};
		A129F03DC9560F89AD002DBA /* [CP] Check Pods Manifest.lock */ = {
			isa = PBXShellScriptBuildPhase;
			buildActionMask = 2147483647;
			files = (
			);
			inputPaths = (
			);
			name = "[CP] Check Pods Manifest.lock";
			outputPaths = (
			);
			runOnlyForDeploymentPostprocessing = 0;
			shellPath = /bin/sh;
			shellScript = "diff \"${PODS_ROOT}/../Podfile.lock\" \"${PODS_ROOT}/Manifest.lock\" > /dev/null\nif [ $? != 0 ] ; then\n    # print error to STDERR\n    echo \"error: The sandbox is not in sync with the Podfile.lock. Run 'pod install' or update your CocoaPods installation.\" >&2\n    exit 1\nfi\n";
			showEnvVarsInLog = 0;
		};
		A6439C11962D036AE153B1F1 /* [CP] Embed Pods Frameworks */ = {
			isa = PBXShellScriptBuildPhase;
			buildActionMask = 2147483647;
			files = (
			);
			inputPaths = (
			);
			name = "[CP] Embed Pods Frameworks";
			outputPaths = (
			);
			runOnlyForDeploymentPostprocessing = 0;
			shellPath = /bin/sh;
			shellScript = "\"${SRCROOT}/Pods/Target Support Files/Pods-PlantTree/Pods-PlantTree-frameworks.sh\"\n";
			showEnvVarsInLog = 0;
		};
/* End PBXShellScriptBuildPhase section */

/* Begin PBXSourcesBuildPhase section */
		84DDFA6B1E546BCC0073DFFC /* Sources */ = {
			isa = PBXSourcesBuildPhase;
			buildActionMask = 2147483647;
			files = (
				84D6B64D1EAC9A31002F38F8 /* ProjectsAPI.swift in Sources */,
				848F96E91E59CA9300CC07CC /* UserInfoRow.swift in Sources */,
				848F96ED1E59D82300CC07CC /* UserPhotoEditCell.swift in Sources */,
				84D6B64B1EAC9A31002F38F8 /* PaymentsAPI.swift in Sources */,
				849759C81E5A57CA0065BDCB /* ProjectsTableViewController.swift in Sources */,
				8497B3E31E680CA100AD79A2 /* OrdinalButtonContentView.swift in Sources */,
				84D6B6561EAC9A31002F38F8 /* Transaction.swift in Sources */,
				84DDFA751E546BCD0073DFFC /* ViewController.swift in Sources */,
				84D496CD1E618ECD00AF0B67 /* ProjectDetailsViewController.swift in Sources */,
				84D6B6461EAC9A31002F38F8 /* AlamofireImplementations.swift in Sources */,
				84CCD97C1EAE0B8B00A774CE /* NewsHeaderCell.swift in Sources */,
				849DEFD71E65B90700A82EA9 /* UpDownRow.swift in Sources */,
				84DDFA731E546BCD0073DFFC /* AppDelegate.swift in Sources */,
				84B3A7481E55D350000CA32E /* Server.swift in Sources */,
				84BF51251E57137000B50ADB /* ChangePasswordViewController.swift in Sources */,
				84D6B6481EAC9A31002F38F8 /* AccountAPI.swift in Sources */,
				84DDFA7B1E546BCD0073DFFC /* PlantTree.xcdatamodeld in Sources */,
				84AC71121E617B2D0023DDB7 /* ProjectListViewController.swift in Sources */,
				84BF51211E5709E400B50ADB /* ChangePersonalDataViewController.swift in Sources */,
				84F58C521E63827F0092EA82 /* PlantTreeViewController.swift in Sources */,
				58603675DB7B89C392D9F207 /* Credentials.swift in Sources */,
				84BF51231E57107900B50ADB /* ChangeEmailViewController.swift in Sources */,
				84F58C4E1E6371CC0092EA82 /* NewsViewController.swift in Sources */,
				84D496DB1E6237E200AF0B67 /* UIView.swift in Sources */,
				84D6B6501EAC9A31002F38F8 /* ApiError.swift in Sources */,
				84F58C501E6378890092EA82 /* OperationInfo.swift in Sources */,
				84D6B64F1EAC9A31002F38F8 /* Extensions.swift in Sources */,
				84D6B6511EAC9A31002F38F8 /* AuthToken.swift in Sources */,
				5860321E46D4171318DC8DED /* ErrorType.swift in Sources */,
				84BF512E1E571E0500B50ADB /* MyTabBarController.swift in Sources */,
				84D6B6541EAC9A31002F38F8 /* Project.swift in Sources */,
				847FCAE21E977D3500BF6698 /* Project_ext.swift in Sources */,
				84B3A74E1E563F8F000CA32E /* RegistrationViewController.swift in Sources */,
				84D6B6491EAC9A31002F38F8 /* ConnectAPI.swift in Sources */,
				84D6B62F1E998D60002F38F8 /* DetailedUserInfo_ext.swift in Sources */,
				58603FB0E67EDEC6EF6CB540 /* PersonalData.swift in Sources */,
				84D6B64C1EAC9A31002F38F8 /* PaymentsHandlerAPI.swift in Sources */,
				84D6B6471EAC9A31002F38F8 /* APIHelper.swift in Sources */,
				84BF511F1E56E3A000B50ADB /* SettingsViewController.swift in Sources */,
				84BF511D1E5657A500B50ADB /* ForgotPasswordViewController.swift in Sources */,
				84CCD9811EAE137D00A774CE /* NewsBodyCell.swift in Sources */,
				84BF511B1E56508400B50ADB /* Alerts.swift in Sources */,
				84CCD9851EAE139100A774CE /* NewsFooterCell.swift in Sources */,
				849759C01E59DC950065BDCB /* UserPhotoEditRow.swift in Sources */,
				84F58C591E6AD68F0092EA82 /* PlantTreeViewController2.swift in Sources */,
				5860351528CE5E42FF05A832 /* Gender.swift in Sources */,
				84D6B6551EAC9A31002F38F8 /* RegisterModel.swift in Sources */,
				84AC71151E6181BD0023DDB7 /* TableViewUnauthorized.swift in Sources */,
				5860310FAC58B23CBBD0FC0A /* ApiTargets.swift in Sources */,
				586038664639E0FC529136A4 /* Date.swift in Sources */,
				84BF512C1E571DC100B50ADB /* Db.swift in Sources */,
				84BF51271E5713D900B50ADB /* PaymentHistoryViewController.swift in Sources */,
				84D6B6571EAC9A31002F38F8 /* UserInfo.swift in Sources */,
				848F96E61E59C75300CC07CC /* UserInfoCell.swift in Sources */,
				58603238B5DCC31835F33686 /* LoadingIndicatorView.swift in Sources */,
				849DEFDA1E67F77700A82EA9 /* BigButtonContentView.swift in Sources */,
				84D6B64A1EAC9A31002F38F8 /* NewsAPI.swift in Sources */,
				849DEFD41E65B5A100A82EA9 /* UpDownCellTableViewCell.swift in Sources */,
				58603BAC16FB696E0F8962B4 /* ProjectInfo.swift in Sources */,
				84D6B6521EAC9A31002F38F8 /* DetailedUserInfo.swift in Sources */,
				586032733EB1FDEFA0082231 /* ProjectStatus.swift in Sources */,
				84AC71101E61654B0023DDB7 /* ReloadView.swift in Sources */,
				84D496D41E61AD7300AF0B67 /* NewsPiece.swift in Sources */,
				5860362AF819362FBB73FB2C /* ProjectListType.swift in Sources */,
				84D6B64E1EAC9A31002F38F8 /* APIs.swift in Sources */,
				84D6B6531EAC9A31002F38F8 /* News.swift in Sources */,
				58603A987F70AD3CB3D08BF7 /* Int.swift in Sources */,
				84D6B6581EAC9A31002F38F8 /* Models.swift in Sources */,
				58603AC6856FF5A342469512 /* ProjectCell.swift in Sources */,
				586031A91434045C034ABABC /* NewsBandSeparatorCell.swift in Sources */,
				586032471BB1A211330BC18E /* ProjectDetailsCell.swift in Sources */,
				58603920EC618B4660EAD957 /* PaymentHistoryCell.swift in Sources */,
				5860346D34210FA8A50E5A66 /* ProjectNewsCell.swift in Sources */,
			);
			runOnlyForDeploymentPostprocessing = 0;
		};
/* End PBXSourcesBuildPhase section */

/* Begin PBXVariantGroup section */
		84DDFA761E546BCD0073DFFC /* Main.storyboard */ = {
			isa = PBXVariantGroup;
			children = (
				84DDFA771E546BCD0073DFFC /* Base */,
			);
			name = Main.storyboard;
			sourceTree = "<group>";
		};
		84DDFA7E1E546BCD0073DFFC /* LaunchScreen.storyboard */ = {
			isa = PBXVariantGroup;
			children = (
				84DDFA7F1E546BCD0073DFFC /* Base */,
			);
			name = LaunchScreen.storyboard;
			sourceTree = "<group>";
		};
/* End PBXVariantGroup section */

/* Begin XCBuildConfiguration section */
		84DDFA821E546BCD0073DFFC /* Debug */ = {
			isa = XCBuildConfiguration;
			buildSettings = {
				ALWAYS_SEARCH_USER_PATHS = NO;
				CLANG_ANALYZER_NONNULL = YES;
				CLANG_CXX_LANGUAGE_STANDARD = "gnu++0x";
				CLANG_CXX_LIBRARY = "libc++";
				CLANG_ENABLE_MODULES = YES;
				CLANG_ENABLE_OBJC_ARC = YES;
				CLANG_WARN_BOOL_CONVERSION = YES;
				CLANG_WARN_CONSTANT_CONVERSION = YES;
				CLANG_WARN_DIRECT_OBJC_ISA_USAGE = YES_ERROR;
				CLANG_WARN_DOCUMENTATION_COMMENTS = YES;
				CLANG_WARN_EMPTY_BODY = YES;
				CLANG_WARN_ENUM_CONVERSION = YES;
				CLANG_WARN_INFINITE_RECURSION = YES;
				CLANG_WARN_INT_CONVERSION = YES;
				CLANG_WARN_OBJC_ROOT_CLASS = YES_ERROR;
				CLANG_WARN_SUSPICIOUS_MOVE = YES;
				CLANG_WARN_UNREACHABLE_CODE = YES;
				CLANG_WARN__DUPLICATE_METHOD_MATCH = YES;
				"CODE_SIGN_IDENTITY[sdk=iphoneos*]" = "iPhone Developer";
				COPY_PHASE_STRIP = NO;
				DEBUG_INFORMATION_FORMAT = dwarf;
				ENABLE_STRICT_OBJC_MSGSEND = YES;
				ENABLE_TESTABILITY = YES;
				GCC_C_LANGUAGE_STANDARD = gnu99;
				GCC_DYNAMIC_NO_PIC = NO;
				GCC_NO_COMMON_BLOCKS = YES;
				GCC_OPTIMIZATION_LEVEL = 0;
				GCC_PREPROCESSOR_DEFINITIONS = (
					"DEBUG=1",
					"$(inherited)",
				);
				GCC_WARN_64_TO_32_BIT_CONVERSION = YES;
				GCC_WARN_ABOUT_RETURN_TYPE = YES_ERROR;
				GCC_WARN_UNDECLARED_SELECTOR = YES;
				GCC_WARN_UNINITIALIZED_AUTOS = YES_AGGRESSIVE;
				GCC_WARN_UNUSED_FUNCTION = YES;
				GCC_WARN_UNUSED_VARIABLE = YES;
				IPHONEOS_DEPLOYMENT_TARGET = 10.2;
				MTL_ENABLE_DEBUG_INFO = YES;
				ONLY_ACTIVE_ARCH = YES;
				SDKROOT = iphoneos;
				SWIFT_ACTIVE_COMPILATION_CONDITIONS = DEBUG;
				SWIFT_OPTIMIZATION_LEVEL = "-Onone";
			};
			name = Debug;
		};
		84DDFA831E546BCD0073DFFC /* Release */ = {
			isa = XCBuildConfiguration;
			buildSettings = {
				ALWAYS_SEARCH_USER_PATHS = NO;
				CLANG_ANALYZER_NONNULL = YES;
				CLANG_CXX_LANGUAGE_STANDARD = "gnu++0x";
				CLANG_CXX_LIBRARY = "libc++";
				CLANG_ENABLE_MODULES = YES;
				CLANG_ENABLE_OBJC_ARC = YES;
				CLANG_WARN_BOOL_CONVERSION = YES;
				CLANG_WARN_CONSTANT_CONVERSION = YES;
				CLANG_WARN_DIRECT_OBJC_ISA_USAGE = YES_ERROR;
				CLANG_WARN_DOCUMENTATION_COMMENTS = YES;
				CLANG_WARN_EMPTY_BODY = YES;
				CLANG_WARN_ENUM_CONVERSION = YES;
				CLANG_WARN_INFINITE_RECURSION = YES;
				CLANG_WARN_INT_CONVERSION = YES;
				CLANG_WARN_OBJC_ROOT_CLASS = YES_ERROR;
				CLANG_WARN_SUSPICIOUS_MOVE = YES;
				CLANG_WARN_UNREACHABLE_CODE = YES;
				CLANG_WARN__DUPLICATE_METHOD_MATCH = YES;
				"CODE_SIGN_IDENTITY[sdk=iphoneos*]" = "iPhone Developer";
				COPY_PHASE_STRIP = NO;
				DEBUG_INFORMATION_FORMAT = "dwarf-with-dsym";
				ENABLE_NS_ASSERTIONS = NO;
				ENABLE_STRICT_OBJC_MSGSEND = YES;
				GCC_C_LANGUAGE_STANDARD = gnu99;
				GCC_NO_COMMON_BLOCKS = YES;
				GCC_WARN_64_TO_32_BIT_CONVERSION = YES;
				GCC_WARN_ABOUT_RETURN_TYPE = YES_ERROR;
				GCC_WARN_UNDECLARED_SELECTOR = YES;
				GCC_WARN_UNINITIALIZED_AUTOS = YES_AGGRESSIVE;
				GCC_WARN_UNUSED_FUNCTION = YES;
				GCC_WARN_UNUSED_VARIABLE = YES;
				IPHONEOS_DEPLOYMENT_TARGET = 10.2;
				MTL_ENABLE_DEBUG_INFO = NO;
				SDKROOT = iphoneos;
				SWIFT_OPTIMIZATION_LEVEL = "-Owholemodule";
				VALIDATE_PRODUCT = YES;
			};
			name = Release;
		};
		84DDFA851E546BCD0073DFFC /* Debug */ = {
			isa = XCBuildConfiguration;
			baseConfigurationReference = 180EB9DF55E29EA8A1AB54A4 /* Pods-PlantTree.debug.xcconfig */;
			buildSettings = {
				ASSETCATALOG_COMPILER_APPICON_NAME = AppIcon;
				DEVELOPMENT_TEAM = 67D4E7YPP9;
				INFOPLIST_FILE = PlantTree/Info.plist;
				LD_RUNPATH_SEARCH_PATHS = "$(inherited) @executable_path/Frameworks";
				PRODUCT_BUNDLE_IDENTIFIER = com.greenworld.PlantTree;
				PRODUCT_NAME = "$(TARGET_NAME)";
				SWIFT_VERSION = 3.0;
			};
			name = Debug;
		};
		84DDFA861E546BCD0073DFFC /* Release */ = {
			isa = XCBuildConfiguration;
			baseConfigurationReference = EBFB193B7D14F4DC144DAF83 /* Pods-PlantTree.release.xcconfig */;
			buildSettings = {
				ASSETCATALOG_COMPILER_APPICON_NAME = AppIcon;
				DEVELOPMENT_TEAM = 67D4E7YPP9;
				INFOPLIST_FILE = PlantTree/Info.plist;
				LD_RUNPATH_SEARCH_PATHS = "$(inherited) @executable_path/Frameworks";
				PRODUCT_BUNDLE_IDENTIFIER = com.greenworld.PlantTree;
				PRODUCT_NAME = "$(TARGET_NAME)";
				SWIFT_VERSION = 3.0;
			};
			name = Release;
		};
/* End XCBuildConfiguration section */

/* Begin XCConfigurationList section */
		84DDFA6A1E546BCC0073DFFC /* Build configuration list for PBXProject "PlantTree" */ = {
			isa = XCConfigurationList;
			buildConfigurations = (
				84DDFA821E546BCD0073DFFC /* Debug */,
				84DDFA831E546BCD0073DFFC /* Release */,
			);
			defaultConfigurationIsVisible = 0;
			defaultConfigurationName = Release;
		};
		84DDFA841E546BCD0073DFFC /* Build configuration list for PBXNativeTarget "PlantTree" */ = {
			isa = XCConfigurationList;
			buildConfigurations = (
				84DDFA851E546BCD0073DFFC /* Debug */,
				84DDFA861E546BCD0073DFFC /* Release */,
			);
			defaultConfigurationIsVisible = 0;
			defaultConfigurationName = Release;
		};
/* End XCConfigurationList section */

/* Begin XCVersionGroup section */
		84DDFA791E546BCD0073DFFC /* PlantTree.xcdatamodeld */ = {
			isa = XCVersionGroup;
			children = (
				84DDFA7A1E546BCD0073DFFC /* PlantTree.xcdatamodel */,
			);
			currentVersion = 84DDFA7A1E546BCD0073DFFC /* PlantTree.xcdatamodel */;
			path = PlantTree.xcdatamodeld;
			sourceTree = "<group>";
			versionGroupType = wrapper.xcdatamodel;
		};
/* End XCVersionGroup section */
	};
	rootObject = 84DDFA671E546BCC0073DFFC /* Project object */;
}
