// !$*UTF8*$!
{
	archiveVersion = 1;
	classes = {
	};
	objectVersion = 46;
	objects = {

/* Begin PBXBuildFile section */
		123FB4D8BE93C6BC8D0443ED /* Pods_PlantTree.framework in Frameworks */ = {isa = PBXBuildFile; fileRef = F8F4F29879DA40C265550933 /* Pods_PlantTree.framework */; };
		5860310FAC58B23CBBD0FC0A /* ApiTargets.swift in Sources */ = {isa = PBXBuildFile; fileRef = 586034B4A177670AB7265F88 /* ApiTargets.swift */; };
		5860321E46D4171318DC8DED /* ErrorType.swift in Sources */ = {isa = PBXBuildFile; fileRef = 58603135716173F73461979F /* ErrorType.swift */; };
		5860351528CE5E42FF05A832 /* Gender.swift in Sources */ = {isa = PBXBuildFile; fileRef = 5860375EB16C4E315B72FDF4 /* Gender.swift */; };
		58603675DB7B89C392D9F207 /* Credentials.swift in Sources */ = {isa = PBXBuildFile; fileRef = 58603BE30150ED19634B35F9 /* Credentials.swift */; };
		586038664639E0FC529136A4 /* Date.swift in Sources */ = {isa = PBXBuildFile; fileRef = 586032E557DCBB5F1A09BFBF /* Date.swift */; };
		58603FB0E67EDEC6EF6CB540 /* PersonalData.swift in Sources */ = {isa = PBXBuildFile; fileRef = 586030BA04E460DBB4F34CBC /* PersonalData.swift */; };
		84B3A7481E55D350000CA32E /* Server.swift in Sources */ = {isa = PBXBuildFile; fileRef = 84B3A7471E55D350000CA32E /* Server.swift */; };
		84B3A74E1E563F8F000CA32E /* RegistrationViewController.swift in Sources */ = {isa = PBXBuildFile; fileRef = 84B3A74D1E563F8F000CA32E /* RegistrationViewController.swift */; };
		84BF511B1E56508400B50ADB /* Alerts.swift in Sources */ = {isa = PBXBuildFile; fileRef = 84BF511A1E56508400B50ADB /* Alerts.swift */; };
		84BF511D1E5657A500B50ADB /* ForgotPasswordViewController.swift in Sources */ = {isa = PBXBuildFile; fileRef = 84BF511C1E5657A500B50ADB /* ForgotPasswordViewController.swift */; };
		84BF511F1E56E3A000B50ADB /* SettingsViewController.swift in Sources */ = {isa = PBXBuildFile; fileRef = 84BF511E1E56E3A000B50ADB /* SettingsViewController.swift */; };
		84BF51211E5709E400B50ADB /* ChangePersonalDataViewController.swift in Sources */ = {isa = PBXBuildFile; fileRef = 84BF51201E5709E400B50ADB /* ChangePersonalDataViewController.swift */; };
		84BF51231E57107900B50ADB /* ChangeEmailViewController.swift in Sources */ = {isa = PBXBuildFile; fileRef = 84BF51221E57107900B50ADB /* ChangeEmailViewController.swift */; };
		84BF51251E57137000B50ADB /* ChangePasswordViewController.swift in Sources */ = {isa = PBXBuildFile; fileRef = 84BF51241E57137000B50ADB /* ChangePasswordViewController.swift */; };
		84BF51271E5713D900B50ADB /* PaymentHistoryViewController.swift in Sources */ = {isa = PBXBuildFile; fileRef = 84BF51261E5713D900B50ADB /* PaymentHistoryViewController.swift */; };
		84BF512C1E571DC100B50ADB /* Db.swift in Sources */ = {isa = PBXBuildFile; fileRef = 84BF512B1E571DC100B50ADB /* Db.swift */; };
		84BF512E1E571E0500B50ADB /* MyTabBarController.swift in Sources */ = {isa = PBXBuildFile; fileRef = 84BF512D1E571E0500B50ADB /* MyTabBarController.swift */; };
		84DDFA731E546BCD0073DFFC /* AppDelegate.swift in Sources */ = {isa = PBXBuildFile; fileRef = 84DDFA721E546BCD0073DFFC /* AppDelegate.swift */; };
		84DDFA751E546BCD0073DFFC /* ViewController.swift in Sources */ = {isa = PBXBuildFile; fileRef = 84DDFA741E546BCD0073DFFC /* ViewController.swift */; };
		84DDFA781E546BCD0073DFFC /* Main.storyboard in Resources */ = {isa = PBXBuildFile; fileRef = 84DDFA761E546BCD0073DFFC /* Main.storyboard */; };
		84DDFA7B1E546BCD0073DFFC /* PlantTree.xcdatamodeld in Sources */ = {isa = PBXBuildFile; fileRef = 84DDFA791E546BCD0073DFFC /* PlantTree.xcdatamodeld */; };
		84DDFA7D1E546BCD0073DFFC /* Assets.xcassets in Resources */ = {isa = PBXBuildFile; fileRef = 84DDFA7C1E546BCD0073DFFC /* Assets.xcassets */; };
		84DDFA801E546BCD0073DFFC /* LaunchScreen.storyboard in Resources */ = {isa = PBXBuildFile; fileRef = 84DDFA7E1E546BCD0073DFFC /* LaunchScreen.storyboard */; };
/* End PBXBuildFile section */

/* Begin PBXFileReference section */
		180EB9DF55E29EA8A1AB54A4 /* Pods-PlantTree.debug.xcconfig */ = {isa = PBXFileReference; includeInIndex = 1; lastKnownFileType = text.xcconfig; name = "Pods-PlantTree.debug.xcconfig"; path = "Pods/Target Support Files/Pods-PlantTree/Pods-PlantTree.debug.xcconfig"; sourceTree = "<group>"; };
		586030BA04E460DBB4F34CBC /* PersonalData.swift */ = {isa = PBXFileReference; fileEncoding = 4; lastKnownFileType = sourcecode.swift; path = PersonalData.swift; sourceTree = "<group>"; };
		58603135716173F73461979F /* ErrorType.swift */ = {isa = PBXFileReference; fileEncoding = 4; lastKnownFileType = sourcecode.swift; path = ErrorType.swift; sourceTree = "<group>"; };
		586032E557DCBB5F1A09BFBF /* Date.swift */ = {isa = PBXFileReference; fileEncoding = 4; lastKnownFileType = sourcecode.swift; path = Date.swift; sourceTree = "<group>"; };
		586034B4A177670AB7265F88 /* ApiTargets.swift */ = {isa = PBXFileReference; fileEncoding = 4; lastKnownFileType = sourcecode.swift; path = ApiTargets.swift; sourceTree = "<group>"; };
		5860375EB16C4E315B72FDF4 /* Gender.swift */ = {isa = PBXFileReference; fileEncoding = 4; lastKnownFileType = sourcecode.swift; path = Gender.swift; sourceTree = "<group>"; };
		58603BE30150ED19634B35F9 /* Credentials.swift */ = {isa = PBXFileReference; fileEncoding = 4; lastKnownFileType = sourcecode.swift; path = Credentials.swift; sourceTree = "<group>"; };
		84B3A7471E55D350000CA32E /* Server.swift */ = {isa = PBXFileReference; fileEncoding = 4; lastKnownFileType = sourcecode.swift; path = Server.swift; sourceTree = "<group>"; };
		84B3A74D1E563F8F000CA32E /* RegistrationViewController.swift */ = {isa = PBXFileReference; fileEncoding = 4; lastKnownFileType = sourcecode.swift; path = RegistrationViewController.swift; sourceTree = "<group>"; };
		84BF511A1E56508400B50ADB /* Alerts.swift */ = {isa = PBXFileReference; fileEncoding = 4; lastKnownFileType = sourcecode.swift; path = Alerts.swift; sourceTree = "<group>"; };
		84BF511C1E5657A500B50ADB /* ForgotPasswordViewController.swift */ = {isa = PBXFileReference; fileEncoding = 4; lastKnownFileType = sourcecode.swift; path = ForgotPasswordViewController.swift; sourceTree = "<group>"; };
		84BF511E1E56E3A000B50ADB /* SettingsViewController.swift */ = {isa = PBXFileReference; fileEncoding = 4; lastKnownFileType = sourcecode.swift; path = SettingsViewController.swift; sourceTree = "<group>"; };
		84BF51201E5709E400B50ADB /* ChangePersonalDataViewController.swift */ = {isa = PBXFileReference; fileEncoding = 4; lastKnownFileType = sourcecode.swift; path = ChangePersonalDataViewController.swift; sourceTree = "<group>"; };
		84BF51221E57107900B50ADB /* ChangeEmailViewController.swift */ = {isa = PBXFileReference; fileEncoding = 4; lastKnownFileType = sourcecode.swift; path = ChangeEmailViewController.swift; sourceTree = "<group>"; };
		84BF51241E57137000B50ADB /* ChangePasswordViewController.swift */ = {isa = PBXFileReference; fileEncoding = 4; lastKnownFileType = sourcecode.swift; path = ChangePasswordViewController.swift; sourceTree = "<group>"; };
		84BF51261E5713D900B50ADB /* PaymentHistoryViewController.swift */ = {isa = PBXFileReference; fileEncoding = 4; lastKnownFileType = sourcecode.swift; path = PaymentHistoryViewController.swift; sourceTree = "<group>"; };
		84BF512B1E571DC100B50ADB /* Db.swift */ = {isa = PBXFileReference; fileEncoding = 4; lastKnownFileType = sourcecode.swift; path = Db.swift; sourceTree = "<group>"; };
		84BF512D1E571E0500B50ADB /* MyTabBarController.swift */ = {isa = PBXFileReference; fileEncoding = 4; lastKnownFileType = sourcecode.swift; path = MyTabBarController.swift; sourceTree = "<group>"; };
		84DDFA6F1E546BCD0073DFFC /* PlantTree.app */ = {isa = PBXFileReference; explicitFileType = wrapper.application; includeInIndex = 0; path = PlantTree.app; sourceTree = BUILT_PRODUCTS_DIR; };
		84DDFA721E546BCD0073DFFC /* AppDelegate.swift */ = {isa = PBXFileReference; lastKnownFileType = sourcecode.swift; path = AppDelegate.swift; sourceTree = "<group>"; };
		84DDFA741E546BCD0073DFFC /* ViewController.swift */ = {isa = PBXFileReference; lastKnownFileType = sourcecode.swift; path = ViewController.swift; sourceTree = "<group>"; };
		84DDFA771E546BCD0073DFFC /* Base */ = {isa = PBXFileReference; lastKnownFileType = file.storyboard; name = Base; path = Base.lproj/Main.storyboard; sourceTree = "<group>"; };
		84DDFA7A1E546BCD0073DFFC /* PlantTree.xcdatamodel */ = {isa = PBXFileReference; lastKnownFileType = wrapper.xcdatamodel; path = PlantTree.xcdatamodel; sourceTree = "<group>"; };
		84DDFA7C1E546BCD0073DFFC /* Assets.xcassets */ = {isa = PBXFileReference; lastKnownFileType = folder.assetcatalog; path = Assets.xcassets; sourceTree = "<group>"; };
		84DDFA7F1E546BCD0073DFFC /* Base */ = {isa = PBXFileReference; lastKnownFileType = file.storyboard; name = Base; path = Base.lproj/LaunchScreen.storyboard; sourceTree = "<group>"; };
		84DDFA811E546BCD0073DFFC /* Info.plist */ = {isa = PBXFileReference; lastKnownFileType = text.plist.xml; path = Info.plist; sourceTree = "<group>"; };
		EBFB193B7D14F4DC144DAF83 /* Pods-PlantTree.release.xcconfig */ = {isa = PBXFileReference; includeInIndex = 1; lastKnownFileType = text.xcconfig; name = "Pods-PlantTree.release.xcconfig"; path = "Pods/Target Support Files/Pods-PlantTree/Pods-PlantTree.release.xcconfig"; sourceTree = "<group>"; };
		F8F4F29879DA40C265550933 /* Pods_PlantTree.framework */ = {isa = PBXFileReference; explicitFileType = wrapper.framework; includeInIndex = 0; path = Pods_PlantTree.framework; sourceTree = BUILT_PRODUCTS_DIR; };
/* End PBXFileReference section */

/* Begin PBXFrameworksBuildPhase section */
		84DDFA6C1E546BCC0073DFFC /* Frameworks */ = {
			isa = PBXFrameworksBuildPhase;
			buildActionMask = 2147483647;
			files = (
				123FB4D8BE93C6BC8D0443ED /* Pods_PlantTree.framework in Frameworks */,
			);
			runOnlyForDeploymentPostprocessing = 0;
		};
/* End PBXFrameworksBuildPhase section */

/* Begin PBXGroup section */
		38316CFB5B70F8A94AF4B988 /* Frameworks */ = {
			isa = PBXGroup;
			children = (
				F8F4F29879DA40C265550933 /* Pods_PlantTree.framework */,
			);
			name = Frameworks;
			sourceTree = "<group>";
		};
		84B3A7461E55D31A000CA32E /* Server */ = {
			isa = PBXGroup;
			children = (
				84BF512B1E571DC100B50ADB /* Db.swift */,
				58603BE30150ED19634B35F9 /* Credentials.swift */,
				84B3A7471E55D350000CA32E /* Server.swift */,
			);
			name = Server;
			sourceTree = "<group>";
		};
		84B3A7491E55D874000CA32E /* Classes */ = {
			isa = PBXGroup;
			children = (
				58603135716173F73461979F /* ErrorType.swift */,
				586030BA04E460DBB4F34CBC /* PersonalData.swift */,
				5860375EB16C4E315B72FDF4 /* Gender.swift */,
				586034B4A177670AB7265F88 /* ApiTargets.swift */,
				586032E557DCBB5F1A09BFBF /* Date.swift */,
				84BF511A1E56508400B50ADB /* Alerts.swift */,
			);
			name = Classes;
			sourceTree = "<group>";
		};
		84B3A74A1E563054000CA32E /* ViewControllers */ = {
			isa = PBXGroup;
			children = (
				84BF51281E57143700B50ADB /* Settings */,
				84BF512D1E571E0500B50ADB /* MyTabBarController.swift */,
			);
			name = ViewControllers;
			sourceTree = "<group>";
		};
		84BF51281E57143700B50ADB /* Settings */ = {
			isa = PBXGroup;
			children = (
				84BF511E1E56E3A000B50ADB /* SettingsViewController.swift */,
				84BF512A1E57146100B50ADB /* NotSigned */,
				84BF51291E57145700B50ADB /* Signed */,
			);
			name = Settings;
			sourceTree = "<group>";
		};
		84BF51291E57145700B50ADB /* Signed */ = {
			isa = PBXGroup;
			children = (
				84BF51201E5709E400B50ADB /* ChangePersonalDataViewController.swift */,
				84BF51221E57107900B50ADB /* ChangeEmailViewController.swift */,
				84BF51241E57137000B50ADB /* ChangePasswordViewController.swift */,
				84BF51261E5713D900B50ADB /* PaymentHistoryViewController.swift */,
			);
			name = Signed;
			sourceTree = "<group>";
		};
		84BF512A1E57146100B50ADB /* NotSigned */ = {
			isa = PBXGroup;
			children = (
				84B3A74D1E563F8F000CA32E /* RegistrationViewController.swift */,
				84BF511C1E5657A500B50ADB /* ForgotPasswordViewController.swift */,
			);
			name = NotSigned;
			sourceTree = "<group>";
		};
		84DDFA661E546BCC0073DFFC = {
			isa = PBXGroup;
			children = (
				84DDFA711E546BCD0073DFFC /* PlantTree */,
				84DDFA701E546BCD0073DFFC /* Products */,
				90B15CB9257F614FA2407054 /* Pods */,
				38316CFB5B70F8A94AF4B988 /* Frameworks */,
			);
			sourceTree = "<group>";
		};
		84DDFA701E546BCD0073DFFC /* Products */ = {
			isa = PBXGroup;
			children = (
				84DDFA6F1E546BCD0073DFFC /* PlantTree.app */,
			);
			name = Products;
			sourceTree = "<group>";
		};
		84DDFA711E546BCD0073DFFC /* PlantTree */ = {
			isa = PBXGroup;
			children = (
				84B3A74A1E563054000CA32E /* ViewControllers */,
				84B3A7491E55D874000CA32E /* Classes */,
				84B3A7461E55D31A000CA32E /* Server */,
				84DDFA721E546BCD0073DFFC /* AppDelegate.swift */,
				84DDFA741E546BCD0073DFFC /* ViewController.swift */,
				84DDFA761E546BCD0073DFFC /* Main.storyboard */,
				84DDFA7C1E546BCD0073DFFC /* Assets.xcassets */,
				84DDFA7E1E546BCD0073DFFC /* LaunchScreen.storyboard */,
				84DDFA811E546BCD0073DFFC /* Info.plist */,
				84DDFA791E546BCD0073DFFC /* PlantTree.xcdatamodeld */,
			);
			path = PlantTree;
			sourceTree = "<group>";
		};
		90B15CB9257F614FA2407054 /* Pods */ = {
			isa = PBXGroup;
			children = (
				180EB9DF55E29EA8A1AB54A4 /* Pods-PlantTree.debug.xcconfig */,
				EBFB193B7D14F4DC144DAF83 /* Pods-PlantTree.release.xcconfig */,
			);
			name = Pods;
			sourceTree = "<group>";
		};
/* End PBXGroup section */

/* Begin PBXNativeTarget section */
		84DDFA6E1E546BCC0073DFFC /* PlantTree */ = {
			isa = PBXNativeTarget;
			buildConfigurationList = 84DDFA841E546BCD0073DFFC /* Build configuration list for PBXNativeTarget "PlantTree" */;
			buildPhases = (
				A129F03DC9560F89AD002DBA /* [CP] Check Pods Manifest.lock */,
				84DDFA6B1E546BCC0073DFFC /* Sources */,
				84DDFA6C1E546BCC0073DFFC /* Frameworks */,
				84DDFA6D1E546BCC0073DFFC /* Resources */,
				A6439C11962D036AE153B1F1 /* [CP] Embed Pods Frameworks */,
				6CEFB908FC188A0AF5392AF4 /* [CP] Copy Pods Resources */,
			);
			buildRules = (
			);
			dependencies = (
			);
			name = PlantTree;
			productName = PlantTree;
			productReference = 84DDFA6F1E546BCD0073DFFC /* PlantTree.app */;
			productType = "com.apple.product-type.application";
		};
/* End PBXNativeTarget section */

/* Begin PBXProject section */
		84DDFA671E546BCC0073DFFC /* Project object */ = {
			isa = PBXProject;
			attributes = {
				LastSwiftUpdateCheck = 0820;
				LastUpgradeCheck = 0820;
				ORGANIZATIONNAME = greenworld;
				TargetAttributes = {
					84DDFA6E1E546BCC0073DFFC = {
						CreatedOnToolsVersion = 8.2.1;
						DevelopmentTeam = 67D4E7YPP9;
						ProvisioningStyle = Automatic;
					};
				};
			};
			buildConfigurationList = 84DDFA6A1E546BCC0073DFFC /* Build configuration list for PBXProject "PlantTree" */;
			compatibilityVersion = "Xcode 3.2";
			developmentRegion = English;
			hasScannedForEncodings = 0;
			knownRegions = (
				en,
				Base,
			);
			mainGroup = 84DDFA661E546BCC0073DFFC;
			productRefGroup = 84DDFA701E546BCD0073DFFC /* Products */;
			projectDirPath = "";
			projectRoot = "";
			targets = (
				84DDFA6E1E546BCC0073DFFC /* PlantTree */,
			);
		};
/* End PBXProject section */

/* Begin PBXResourcesBuildPhase section */
		84DDFA6D1E546BCC0073DFFC /* Resources */ = {
			isa = PBXResourcesBuildPhase;
			buildActionMask = 2147483647;
			files = (
				84DDFA801E546BCD0073DFFC /* LaunchScreen.storyboard in Resources */,
				84DDFA7D1E546BCD0073DFFC /* Assets.xcassets in Resources */,
				84DDFA781E546BCD0073DFFC /* Main.storyboard in Resources */,
			);
			runOnlyForDeploymentPostprocessing = 0;
		};
/* End PBXResourcesBuildPhase section */

/* Begin PBXShellScriptBuildPhase section */
		6CEFB908FC188A0AF5392AF4 /* [CP] Copy Pods Resources */ = {
			isa = PBXShellScriptBuildPhase;
			buildActionMask = 2147483647;
			files = (
			);
			inputPaths = (
			);
			name = "[CP] Copy Pods Resources";
			outputPaths = (
			);
			runOnlyForDeploymentPostprocessing = 0;
			shellPath = /bin/sh;
			shellScript = "\"${SRCROOT}/Pods/Target Support Files/Pods-PlantTree/Pods-PlantTree-resources.sh\"\n";
			showEnvVarsInLog = 0;
		};
		A129F03DC9560F89AD002DBA /* [CP] Check Pods Manifest.lock */ = {
			isa = PBXShellScriptBuildPhase;
			buildActionMask = 2147483647;
			files = (
			);
			inputPaths = (
			);
			name = "[CP] Check Pods Manifest.lock";
			outputPaths = (
			);
			runOnlyForDeploymentPostprocessing = 0;
			shellPath = /bin/sh;
			shellScript = "diff \"${PODS_ROOT}/../Podfile.lock\" \"${PODS_ROOT}/Manifest.lock\" > /dev/null\nif [ $? != 0 ] ; then\n    # print error to STDERR\n    echo \"error: The sandbox is not in sync with the Podfile.lock. Run 'pod install' or update your CocoaPods installation.\" >&2\n    exit 1\nfi\n";
			showEnvVarsInLog = 0;
		};
		A6439C11962D036AE153B1F1 /* [CP] Embed Pods Frameworks */ = {
			isa = PBXShellScriptBuildPhase;
			buildActionMask = 2147483647;
			files = (
			);
			inputPaths = (
			);
			name = "[CP] Embed Pods Frameworks";
			outputPaths = (
			);
			runOnlyForDeploymentPostprocessing = 0;
			shellPath = /bin/sh;
			shellScript = "\"${SRCROOT}/Pods/Target Support Files/Pods-PlantTree/Pods-PlantTree-frameworks.sh\"\n";
			showEnvVarsInLog = 0;
		};
/* End PBXShellScriptBuildPhase section */

/* Begin PBXSourcesBuildPhase section */
		84DDFA6B1E546BCC0073DFFC /* Sources */ = {
			isa = PBXSourcesBuildPhase;
			buildActionMask = 2147483647;
			files = (
				84DDFA751E546BCD0073DFFC /* ViewController.swift in Sources */,
				84DDFA731E546BCD0073DFFC /* AppDelegate.swift in Sources */,
				84B3A7481E55D350000CA32E /* Server.swift in Sources */,
				84BF51251E57137000B50ADB /* ChangePasswordViewController.swift in Sources */,
				84DDFA7B1E546BCD0073DFFC /* PlantTree.xcdatamodeld in Sources */,
				84BF51211E5709E400B50ADB /* ChangePersonalDataViewController.swift in Sources */,
				58603675DB7B89C392D9F207 /* Credentials.swift in Sources */,
				84BF51231E57107900B50ADB /* ChangeEmailViewController.swift in Sources */,
				5860321E46D4171318DC8DED /* ErrorType.swift in Sources */,
				84BF512E1E571E0500B50ADB /* MyTabBarController.swift in Sources */,
				84B3A74E1E563F8F000CA32E /* RegistrationViewController.swift in Sources */,
				58603FB0E67EDEC6EF6CB540 /* PersonalData.swift in Sources */,
				84BF511F1E56E3A000B50ADB /* SettingsViewController.swift in Sources */,
				84BF511D1E5657A500B50ADB /* ForgotPasswordViewController.swift in Sources */,
				84BF511B1E56508400B50ADB /* Alerts.swift in Sources */,
				5860351528CE5E42FF05A832 /* Gender.swift in Sources */,
				5860310FAC58B23CBBD0FC0A /* ApiTargets.swift in Sources */,
				586038664639E0FC529136A4 /* Date.swift in Sources */,
				84BF512C1E571DC100B50ADB /* Db.swift in Sources */,
				84BF51271E5713D900B50ADB /* PaymentHistoryViewController.swift in Sources */,
			);
			runOnlyForDeploymentPostprocessing = 0;
		};
/* End PBXSourcesBuildPhase section */

/* Begin PBXVariantGroup section */
		84DDFA761E546BCD0073DFFC /* Main.storyboard */ = {
			isa = PBXVariantGroup;
			children = (
				84DDFA771E546BCD0073DFFC /* Base */,
			);
			name = Main.storyboard;
			sourceTree = "<group>";
		};
		84DDFA7E1E546BCD0073DFFC /* LaunchScreen.storyboard */ = {
			isa = PBXVariantGroup;
			children = (
				84DDFA7F1E546BCD0073DFFC /* Base */,
			);
			name = LaunchScreen.storyboard;
			sourceTree = "<group>";
		};
/* End PBXVariantGroup section */

/* Begin XCBuildConfiguration section */
		84DDFA821E546BCD0073DFFC /* Debug */ = {
			isa = XCBuildConfiguration;
			buildSettings = {
				ALWAYS_SEARCH_USER_PATHS = NO;
				CLANG_ANALYZER_NONNULL = YES;
				CLANG_CXX_LANGUAGE_STANDARD = "gnu++0x";
				CLANG_CXX_LIBRARY = "libc++";
				CLANG_ENABLE_MODULES = YES;
				CLANG_ENABLE_OBJC_ARC = YES;
				CLANG_WARN_BOOL_CONVERSION = YES;
				CLANG_WARN_CONSTANT_CONVERSION = YES;
				CLANG_WARN_DIRECT_OBJC_ISA_USAGE = YES_ERROR;
				CLANG_WARN_DOCUMENTATION_COMMENTS = YES;
				CLANG_WARN_EMPTY_BODY = YES;
				CLANG_WARN_ENUM_CONVERSION = YES;
				CLANG_WARN_INFINITE_RECURSION = YES;
				CLANG_WARN_INT_CONVERSION = YES;
				CLANG_WARN_OBJC_ROOT_CLASS = YES_ERROR;
				CLANG_WARN_SUSPICIOUS_MOVE = YES;
				CLANG_WARN_UNREACHABLE_CODE = YES;
				CLANG_WARN__DUPLICATE_METHOD_MATCH = YES;
				"CODE_SIGN_IDENTITY[sdk=iphoneos*]" = "iPhone Developer";
				COPY_PHASE_STRIP = NO;
				DEBUG_INFORMATION_FORMAT = dwarf;
				ENABLE_STRICT_OBJC_MSGSEND = YES;
				ENABLE_TESTABILITY = YES;
				GCC_C_LANGUAGE_STANDARD = gnu99;
				GCC_DYNAMIC_NO_PIC = NO;
				GCC_NO_COMMON_BLOCKS = YES;
				GCC_OPTIMIZATION_LEVEL = 0;
				GCC_PREPROCESSOR_DEFINITIONS = (
					"DEBUG=1",
					"$(inherited)",
				);
				GCC_WARN_64_TO_32_BIT_CONVERSION = YES;
				GCC_WARN_ABOUT_RETURN_TYPE = YES_ERROR;
				GCC_WARN_UNDECLARED_SELECTOR = YES;
				GCC_WARN_UNINITIALIZED_AUTOS = YES_AGGRESSIVE;
				GCC_WARN_UNUSED_FUNCTION = YES;
				GCC_WARN_UNUSED_VARIABLE = YES;
				IPHONEOS_DEPLOYMENT_TARGET = 10.2;
				MTL_ENABLE_DEBUG_INFO = YES;
				ONLY_ACTIVE_ARCH = YES;
				SDKROOT = iphoneos;
				SWIFT_ACTIVE_COMPILATION_CONDITIONS = DEBUG;
				SWIFT_OPTIMIZATION_LEVEL = "-Onone";
			};
			name = Debug;
		};
		84DDFA831E546BCD0073DFFC /* Release */ = {
			isa = XCBuildConfiguration;
			buildSettings = {
				ALWAYS_SEARCH_USER_PATHS = NO;
				CLANG_ANALYZER_NONNULL = YES;
				CLANG_CXX_LANGUAGE_STANDARD = "gnu++0x";
				CLANG_CXX_LIBRARY = "libc++";
				CLANG_ENABLE_MODULES = YES;
				CLANG_ENABLE_OBJC_ARC = YES;
				CLANG_WARN_BOOL_CONVERSION = YES;
				CLANG_WARN_CONSTANT_CONVERSION = YES;
				CLANG_WARN_DIRECT_OBJC_ISA_USAGE = YES_ERROR;
				CLANG_WARN_DOCUMENTATION_COMMENTS = YES;
				CLANG_WARN_EMPTY_BODY = YES;
				CLANG_WARN_ENUM_CONVERSION = YES;
				CLANG_WARN_INFINITE_RECURSION = YES;
				CLANG_WARN_INT_CONVERSION = YES;
				CLANG_WARN_OBJC_ROOT_CLASS = YES_ERROR;
				CLANG_WARN_SUSPICIOUS_MOVE = YES;
				CLANG_WARN_UNREACHABLE_CODE = YES;
				CLANG_WARN__DUPLICATE_METHOD_MATCH = YES;
				"CODE_SIGN_IDENTITY[sdk=iphoneos*]" = "iPhone Developer";
				COPY_PHASE_STRIP = NO;
				DEBUG_INFORMATION_FORMAT = "dwarf-with-dsym";
				ENABLE_NS_ASSERTIONS = NO;
				ENABLE_STRICT_OBJC_MSGSEND = YES;
				GCC_C_LANGUAGE_STANDARD = gnu99;
				GCC_NO_COMMON_BLOCKS = YES;
				GCC_WARN_64_TO_32_BIT_CONVERSION = YES;
				GCC_WARN_ABOUT_RETURN_TYPE = YES_ERROR;
				GCC_WARN_UNDECLARED_SELECTOR = YES;
				GCC_WARN_UNINITIALIZED_AUTOS = YES_AGGRESSIVE;
				GCC_WARN_UNUSED_FUNCTION = YES;
				GCC_WARN_UNUSED_VARIABLE = YES;
				IPHONEOS_DEPLOYMENT_TARGET = 10.2;
				MTL_ENABLE_DEBUG_INFO = NO;
				SDKROOT = iphoneos;
				SWIFT_OPTIMIZATION_LEVEL = "-Owholemodule";
				VALIDATE_PRODUCT = YES;
			};
			name = Release;
		};
		84DDFA851E546BCD0073DFFC /* Debug */ = {
			isa = XCBuildConfiguration;
			baseConfigurationReference = 180EB9DF55E29EA8A1AB54A4 /* Pods-PlantTree.debug.xcconfig */;
			buildSettings = {
				ASSETCATALOG_COMPILER_APPICON_NAME = AppIcon;
				DEVELOPMENT_TEAM = 67D4E7YPP9;
				INFOPLIST_FILE = PlantTree/Info.plist;
				LD_RUNPATH_SEARCH_PATHS = "$(inherited) @executable_path/Frameworks";
				PRODUCT_BUNDLE_IDENTIFIER = com.greenworld.PlantTree;
				PRODUCT_NAME = "$(TARGET_NAME)";
				SWIFT_VERSION = 3.0;
			};
			name = Debug;
		};
		84DDFA861E546BCD0073DFFC /* Release */ = {
			isa = XCBuildConfiguration;
			baseConfigurationReference = EBFB193B7D14F4DC144DAF83 /* Pods-PlantTree.release.xcconfig */;
			buildSettings = {
				ASSETCATALOG_COMPILER_APPICON_NAME = AppIcon;
				DEVELOPMENT_TEAM = 67D4E7YPP9;
				INFOPLIST_FILE = PlantTree/Info.plist;
				LD_RUNPATH_SEARCH_PATHS = "$(inherited) @executable_path/Frameworks";
				PRODUCT_BUNDLE_IDENTIFIER = com.greenworld.PlantTree;
				PRODUCT_NAME = "$(TARGET_NAME)";
				SWIFT_VERSION = 3.0;
			};
			name = Release;
		};
/* End XCBuildConfiguration section */

/* Begin XCConfigurationList section */
		84DDFA6A1E546BCC0073DFFC /* Build configuration list for PBXProject "PlantTree" */ = {
			isa = XCConfigurationList;
			buildConfigurations = (
				84DDFA821E546BCD0073DFFC /* Debug */,
				84DDFA831E546BCD0073DFFC /* Release */,
			);
			defaultConfigurationIsVisible = 0;
			defaultConfigurationName = Release;
		};
		84DDFA841E546BCD0073DFFC /* Build configuration list for PBXNativeTarget "PlantTree" */ = {
			isa = XCConfigurationList;
			buildConfigurations = (
				84DDFA851E546BCD0073DFFC /* Debug */,
				84DDFA861E546BCD0073DFFC /* Release */,
			);
			defaultConfigurationIsVisible = 0;
			defaultConfigurationName = Release;
		};
/* End XCConfigurationList section */

/* Begin XCVersionGroup section */
		84DDFA791E546BCD0073DFFC /* PlantTree.xcdatamodeld */ = {
			isa = XCVersionGroup;
			children = (
				84DDFA7A1E546BCD0073DFFC /* PlantTree.xcdatamodel */,
			);
			currentVersion = 84DDFA7A1E546BCD0073DFFC /* PlantTree.xcdatamodel */;
			path = PlantTree.xcdatamodeld;
			sourceTree = "<group>";
			versionGroupType = wrapper.xcdatamodel;
		};
/* End XCVersionGroup section */
	};
	rootObject = 84DDFA671E546BCC0073DFFC /* Project object */;
}
